// !$*UTF8*$!
{
	archiveVersion = 1;
	classes = {
	};
	objectVersion = 50;
	objects = {

/* Begin PBXBuildFile section */
		9223D407227549D400211B4F /* AppDelegate.m in Sources */ = {isa = PBXBuildFile; fileRef = 9223D406227549D400211B4F /* AppDelegate.m */; };
		9223D40A227549D400211B4F /* ViewController.m in Sources */ = {isa = PBXBuildFile; fileRef = 9223D409227549D400211B4F /* ViewController.m */; };
		9223D40D227549D400211B4F /* Main.storyboard in Resources */ = {isa = PBXBuildFile; fileRef = 9223D40B227549D400211B4F /* Main.storyboard */; };
		9223D40F227549D500211B4F /* Assets.xcassets in Resources */ = {isa = PBXBuildFile; fileRef = 9223D40E227549D500211B4F /* Assets.xcassets */; };
		9223D412227549D500211B4F /* LaunchScreen.storyboard in Resources */ = {isa = PBXBuildFile; fileRef = 9223D410227549D500211B4F /* LaunchScreen.storyboard */; };
		9223D415227549D500211B4F /* main.m in Sources */ = {isa = PBXBuildFile; fileRef = 9223D414227549D500211B4F /* main.m */; };
		9223D41C22754AF600211B4F /* test.gpx in Resources */ = {isa = PBXBuildFile; fileRef = 9223D41B22754AF600211B4F /* test.gpx */; };
		9223D41F22754C9600211B4F /* MapKit.framework in Frameworks */ = {isa = PBXBuildFile; fileRef = 9223D41E22754C9600211B4F /* MapKit.framework */; };
		9223D426227558CF00211B4F /* AddressManager.m in Sources */ = {isa = PBXBuildFile; fileRef = 9223D425227558CF00211B4F /* AddressManager.m */; };
		9223D42B2275701A00211B4F /* libxml2.2.tbd in Frameworks */ = {isa = PBXBuildFile; fileRef = 9223D4272275591400211B4F /* libxml2.2.tbd */; };
		9223D42E227570D700211B4F /* GDataXMLNode.m in Sources */ = {isa = PBXBuildFile; fileRef = 9223D42D227570D700211B4F /* GDataXMLNode.m */; settings = {COMPILER_FLAGS = "-fno-objc-arc"; }; };
		9223D4342276918B00211B4F /* EYLocationConverter.m in Sources */ = {isa = PBXBuildFile; fileRef = 9223D4332276918B00211B4F /* EYLocationConverter.m */; };
		9223D436227695CE00211B4F /* Company.gpx in Resources */ = {isa = PBXBuildFile; fileRef = 9223D435227695CE00211B4F /* Company.gpx */; };
		9223D46422782E0400211B4F /* HZxh.gpx in Resources */ = {isa = PBXBuildFile; fileRef = 9223D46322782E0400211B4F /* HZxh.gpx */; };
		9242CB9A227E80C900355585 /* coco.gpx in Resources */ = {isa = PBXBuildFile; fileRef = 9242CB99227E80C900355585 /* coco.gpx */; };
		C106FB4A227A7FCF00A8F950 /* YYS.gpx in Resources */ = {isa = PBXBuildFile; fileRef = C106FB49227A7FCF00A8F950 /* YYS.gpx */; };
		C106FB4C227B0A3A00A8F950 /* BJat.gpx in Resources */ = {isa = PBXBuildFile; fileRef = C106FB4B227B0A3A00A8F950 /* BJat.gpx */; };
/* End PBXBuildFile section */

/* Begin PBXFileReference section */
		9223D402227549D400211B4F /* SimulationAddress.app */ = {isa = PBXFileReference; explicitFileType = wrapper.application; includeInIndex = 0; path = SimulationAddress.app; sourceTree = BUILT_PRODUCTS_DIR; };
		9223D405227549D400211B4F /* AppDelegate.h */ = {isa = PBXFileReference; lastKnownFileType = sourcecode.c.h; path = AppDelegate.h; sourceTree = "<group>"; };
		9223D406227549D400211B4F /* AppDelegate.m */ = {isa = PBXFileReference; lastKnownFileType = sourcecode.c.objc; path = AppDelegate.m; sourceTree = "<group>"; };
		9223D408227549D400211B4F /* ViewController.h */ = {isa = PBXFileReference; lastKnownFileType = sourcecode.c.h; path = ViewController.h; sourceTree = "<group>"; };
		9223D409227549D400211B4F /* ViewController.m */ = {isa = PBXFileReference; lastKnownFileType = sourcecode.c.objc; path = ViewController.m; sourceTree = "<group>"; };
		9223D40C227549D400211B4F /* Base */ = {isa = PBXFileReference; lastKnownFileType = file.storyboard; name = Base; path = Base.lproj/Main.storyboard; sourceTree = "<group>"; };
		9223D40E227549D500211B4F /* Assets.xcassets */ = {isa = PBXFileReference; lastKnownFileType = folder.assetcatalog; path = Assets.xcassets; sourceTree = "<group>"; };
		9223D411227549D500211B4F /* Base */ = {isa = PBXFileReference; lastKnownFileType = file.storyboard; name = Base; path = Base.lproj/LaunchScreen.storyboard; sourceTree = "<group>"; };
		9223D413227549D500211B4F /* Info.plist */ = {isa = PBXFileReference; lastKnownFileType = text.plist.xml; path = Info.plist; sourceTree = "<group>"; };
		9223D414227549D500211B4F /* main.m */ = {isa = PBXFileReference; lastKnownFileType = sourcecode.c.objc; path = main.m; sourceTree = "<group>"; };
		9223D41B22754AF600211B4F /* test.gpx */ = {isa = PBXFileReference; fileEncoding = 4; lastKnownFileType = text.xml; path = test.gpx; sourceTree = "<group>"; };
		9223D41E22754C9600211B4F /* MapKit.framework */ = {isa = PBXFileReference; lastKnownFileType = wrapper.framework; name = MapKit.framework; path = System/Library/Frameworks/MapKit.framework; sourceTree = SDKROOT; };
		9223D424227558CF00211B4F /* AddressManager.h */ = {isa = PBXFileReference; lastKnownFileType = sourcecode.c.h; path = AddressManager.h; sourceTree = "<group>"; };
		9223D425227558CF00211B4F /* AddressManager.m */ = {isa = PBXFileReference; lastKnownFileType = sourcecode.c.objc; path = AddressManager.m; sourceTree = "<group>"; };
		9223D4272275591400211B4F /* libxml2.2.tbd */ = {isa = PBXFileReference; lastKnownFileType = "sourcecode.text-based-dylib-definition"; name = libxml2.2.tbd; path = usr/lib/libxml2.2.tbd; sourceTree = SDKROOT; };
		9223D42C227570D700211B4F /* GDataXMLNode.h */ = {isa = PBXFileReference; fileEncoding = 4; lastKnownFileType = sourcecode.c.h; path = GDataXMLNode.h; sourceTree = "<group>"; };
		9223D42D227570D700211B4F /* GDataXMLNode.m */ = {isa = PBXFileReference; fileEncoding = 4; lastKnownFileType = sourcecode.c.objc; path = GDataXMLNode.m; sourceTree = "<group>"; };
		9223D4322276918B00211B4F /* EYLocationConverter.h */ = {isa = PBXFileReference; lastKnownFileType = sourcecode.c.h; path = EYLocationConverter.h; sourceTree = "<group>"; };
		9223D4332276918B00211B4F /* EYLocationConverter.m */ = {isa = PBXFileReference; lastKnownFileType = sourcecode.c.objc; path = EYLocationConverter.m; sourceTree = "<group>"; };
		9223D435227695CE00211B4F /* Company.gpx */ = {isa = PBXFileReference; lastKnownFileType = text.xml; path = Company.gpx; sourceTree = "<group>"; };
		9223D4602277FDA400211B4F /* BJbh.gpx */ = {isa = PBXFileReference; lastKnownFileType = text.xml; path = BJbh.gpx; sourceTree = "<group>"; };
		9223D46322782E0400211B4F /* HZxh.gpx */ = {isa = PBXFileReference; lastKnownFileType = text.xml; path = HZxh.gpx; sourceTree = "<group>"; };
		9242CB99227E80C900355585 /* coco.gpx */ = {isa = PBXFileReference; lastKnownFileType = text.xml; path = coco.gpx; sourceTree = "<group>"; };
		C106FB49227A7FCF00A8F950 /* YYS.gpx */ = {isa = PBXFileReference; lastKnownFileType = text.xml; path = YYS.gpx; sourceTree = "<group>"; };
		C106FB4B227B0A3A00A8F950 /* BJat.gpx */ = {isa = PBXFileReference; lastKnownFileType = text.xml; path = BJat.gpx; sourceTree = "<group>"; };
/* End PBXFileReference section */

/* Begin PBXFrameworksBuildPhase section */
		9223D3FF227549D400211B4F /* Frameworks */ = {
			isa = PBXFrameworksBuildPhase;
			buildActionMask = 2147483647;
			files = (
				9223D42B2275701A00211B4F /* libxml2.2.tbd in Frameworks */,
				9223D41F22754C9600211B4F /* MapKit.framework in Frameworks */,
			);
			runOnlyForDeploymentPostprocessing = 0;
		};
/* End PBXFrameworksBuildPhase section */

/* Begin PBXGroup section */
		9223D3F9227549D400211B4F = {
			isa = PBXGroup;
			children = (
				9223D404227549D400211B4F /* SimulationAddress */,
				9223D403227549D400211B4F /* Products */,
				9223D41D22754C9600211B4F /* Frameworks */,
			);
			sourceTree = "<group>";
		};
		9223D403227549D400211B4F /* Products */ = {
			isa = PBXGroup;
			children = (
				9223D402227549D400211B4F /* SimulationAddress.app */,
			);
			name = Products;
			sourceTree = "<group>";
		};
		9223D404227549D400211B4F /* SimulationAddress */ = {
			isa = PBXGroup;
			children = (
				9223D4202275587100211B4F /* LocationManager */,
				9223D405227549D400211B4F /* AppDelegate.h */,
				9223D406227549D400211B4F /* AppDelegate.m */,
				9223D408227549D400211B4F /* ViewController.h */,
				9223D409227549D400211B4F /* ViewController.m */,
				9223D40B227549D400211B4F /* Main.storyboard */,
				9223D40E227549D500211B4F /* Assets.xcassets */,
				9223D410227549D500211B4F /* LaunchScreen.storyboard */,
				9223D413227549D500211B4F /* Info.plist */,
				9223D414227549D500211B4F /* main.m */,
			);
			path = SimulationAddress;
			sourceTree = "<group>";
		};
		9223D41D22754C9600211B4F /* Frameworks */ = {
			isa = PBXGroup;
			children = (
				9223D4272275591400211B4F /* libxml2.2.tbd */,
				9223D41E22754C9600211B4F /* MapKit.framework */,
			);
			name = Frameworks;
			sourceTree = "<group>";
		};
		9223D4202275587100211B4F /* LocationManager */ = {
			isa = PBXGroup;
			children = (
				9223D42C227570D700211B4F /* GDataXMLNode.h */,
				9223D42D227570D700211B4F /* GDataXMLNode.m */,
				9223D41B22754AF600211B4F /* test.gpx */,
				C106FB4B227B0A3A00A8F950 /* BJat.gpx */,
				C106FB49227A7FCF00A8F950 /* YYS.gpx */,
				9223D46322782E0400211B4F /* HZxh.gpx */,
				9223D4602277FDA400211B4F /* BJbh.gpx */,
				9223D435227695CE00211B4F /* Company.gpx */,
				9242CB99227E80C900355585 /* coco.gpx */,
				9223D424227558CF00211B4F /* AddressManager.h */,
				9223D425227558CF00211B4F /* AddressManager.m */,
				9223D4322276918B00211B4F /* EYLocationConverter.h */,
				9223D4332276918B00211B4F /* EYLocationConverter.m */,
			);
			path = LocationManager;
			sourceTree = "<group>";
		};
/* End PBXGroup section */

/* Begin PBXNativeTarget section */
		9223D401227549D400211B4F /* SimulationAddress */ = {
			isa = PBXNativeTarget;
			buildConfigurationList = 9223D418227549D500211B4F /* Build configuration list for PBXNativeTarget "SimulationAddress" */;
			buildPhases = (
				9223D3FE227549D400211B4F /* Sources */,
				9223D3FF227549D400211B4F /* Frameworks */,
				9223D400227549D400211B4F /* Resources */,
			);
			buildRules = (
			);
			dependencies = (
			);
			name = SimulationAddress;
			productName = SimulationAddress;
			productReference = 9223D402227549D400211B4F /* SimulationAddress.app */;
			productType = "com.apple.product-type.application";
		};
/* End PBXNativeTarget section */

/* Begin PBXProject section */
		9223D3FA227549D400211B4F /* Project object */ = {
			isa = PBXProject;
			attributes = {
				LastUpgradeCheck = 1010;
				ORGANIZATIONNAME = yinhuadong;
				TargetAttributes = {
					9223D401227549D400211B4F = {
						CreatedOnToolsVersion = 10.1;
						SystemCapabilities = {
							com.apple.Maps.iOS = {
								enabled = 1;
							};
						};
					};
				};
			};
			buildConfigurationList = 9223D3FD227549D400211B4F /* Build configuration list for PBXProject "SimulationAddress" */;
			compatibilityVersion = "Xcode 9.3";
			developmentRegion = en;
			hasScannedForEncodings = 0;
			knownRegions = (
				en,
				Base,
			);
			mainGroup = 9223D3F9227549D400211B4F;
			productRefGroup = 9223D403227549D400211B4F /* Products */;
			projectDirPath = "";
			projectRoot = "";
			targets = (
				9223D401227549D400211B4F /* SimulationAddress */,
			);
		};
/* End PBXProject section */

/* Begin PBXResourcesBuildPhase section */
		9223D400227549D400211B4F /* Resources */ = {
			isa = PBXResourcesBuildPhase;
			buildActionMask = 2147483647;
			files = (
				9223D412227549D500211B4F /* LaunchScreen.storyboard in Resources */,
				C106FB4A227A7FCF00A8F950 /* YYS.gpx in Resources */,
				9242CB9A227E80C900355585 /* coco.gpx in Resources */,
				9223D46422782E0400211B4F /* HZxh.gpx in Resources */,
				9223D41C22754AF600211B4F /* test.gpx in Resources */,
				C106FB4C227B0A3A00A8F950 /* BJat.gpx in Resources */,
				9223D40F227549D500211B4F /* Assets.xcassets in Resources */,
				9223D436227695CE00211B4F /* Company.gpx in Resources */,
				9223D40D227549D400211B4F /* Main.storyboard in Resources */,
			);
			runOnlyForDeploymentPostprocessing = 0;
		};
/* End PBXResourcesBuildPhase section */

/* Begin PBXSourcesBuildPhase section */
		9223D3FE227549D400211B4F /* Sources */ = {
			isa = PBXSourcesBuildPhase;
			buildActionMask = 2147483647;
			files = (
				9223D426227558CF00211B4F /* AddressManager.m in Sources */,
				9223D40A227549D400211B4F /* ViewController.m in Sources */,
				9223D415227549D500211B4F /* main.m in Sources */,
				9223D407227549D400211B4F /* AppDelegate.m in Sources */,
				9223D42E227570D700211B4F /* GDataXMLNode.m in Sources */,
				9223D4342276918B00211B4F /* EYLocationConverter.m in Sources */,
			);
			runOnlyForDeploymentPostprocessing = 0;
		};
/* End PBXSourcesBuildPhase section */

/* Begin PBXVariantGroup section */
		9223D40B227549D400211B4F /* Main.storyboard */ = {
			isa = PBXVariantGroup;
			children = (
				9223D40C227549D400211B4F /* Base */,
			);
			name = Main.storyboard;
			sourceTree = "<group>";
		};
		9223D410227549D500211B4F /* LaunchScreen.storyboard */ = {
			isa = PBXVariantGroup;
			children = (
				9223D411227549D500211B4F /* Base */,
			);
			name = LaunchScreen.storyboard;
			sourceTree = "<group>";
		};
/* End PBXVariantGroup section */

/* Begin XCBuildConfiguration section */
		9223D416227549D500211B4F /* Debug */ = {
			isa = XCBuildConfiguration;
			buildSettings = {
				ALWAYS_SEARCH_USER_PATHS = NO;
				CLANG_ANALYZER_NONNULL = YES;
				CLANG_ANALYZER_NUMBER_OBJECT_CONVERSION = YES_AGGRESSIVE;
				CLANG_CXX_LANGUAGE_STANDARD = "gnu++14";
				CLANG_CXX_LIBRARY = "libc++";
				CLANG_ENABLE_MODULES = YES;
				CLANG_ENABLE_OBJC_ARC = YES;
				CLANG_ENABLE_OBJC_WEAK = YES;
				CLANG_WARN_BLOCK_CAPTURE_AUTORELEASING = YES;
				CLANG_WARN_BOOL_CONVERSION = YES;
				CLANG_WARN_COMMA = YES;
				CLANG_WARN_CONSTANT_CONVERSION = YES;
				CLANG_WARN_DEPRECATED_OBJC_IMPLEMENTATIONS = YES;
				CLANG_WARN_DIRECT_OBJC_ISA_USAGE = YES_ERROR;
				CLANG_WARN_DOCUMENTATION_COMMENTS = YES;
				CLANG_WARN_EMPTY_BODY = YES;
				CLANG_WARN_ENUM_CONVERSION = YES;
				CLANG_WARN_INFINITE_RECURSION = YES;
				CLANG_WARN_INT_CONVERSION = YES;
				CLANG_WARN_NON_LITERAL_NULL_CONVERSION = YES;
				CLANG_WARN_OBJC_IMPLICIT_RETAIN_SELF = YES;
				CLANG_WARN_OBJC_LITERAL_CONVERSION = YES;
				CLANG_WARN_OBJC_ROOT_CLASS = YES_ERROR;
				CLANG_WARN_RANGE_LOOP_ANALYSIS = YES;
				CLANG_WARN_STRICT_PROTOTYPES = YES;
				CLANG_WARN_SUSPICIOUS_MOVE = YES;
				CLANG_WARN_UNGUARDED_AVAILABILITY = YES_AGGRESSIVE;
				CLANG_WARN_UNREACHABLE_CODE = YES;
				CLANG_WARN__DUPLICATE_METHOD_MATCH = YES;
				CODE_SIGN_IDENTITY = "iPhone Developer";
				COPY_PHASE_STRIP = NO;
				DEBUG_INFORMATION_FORMAT = dwarf;
				ENABLE_STRICT_OBJC_MSGSEND = YES;
				ENABLE_TESTABILITY = YES;
				GCC_C_LANGUAGE_STANDARD = gnu11;
				GCC_DYNAMIC_NO_PIC = NO;
				GCC_NO_COMMON_BLOCKS = YES;
				GCC_OPTIMIZATION_LEVEL = 0;
				GCC_PREPROCESSOR_DEFINITIONS = (
					"DEBUG=1",
					"$(inherited)",
				);
				GCC_WARN_64_TO_32_BIT_CONVERSION = YES;
				GCC_WARN_ABOUT_RETURN_TYPE = YES_ERROR;
				GCC_WARN_UNDECLARED_SELECTOR = YES;
				GCC_WARN_UNINITIALIZED_AUTOS = YES_AGGRESSIVE;
				GCC_WARN_UNUSED_FUNCTION = YES;
				GCC_WARN_UNUSED_VARIABLE = YES;
				IPHONEOS_DEPLOYMENT_TARGET = 12.1;
				MTL_ENABLE_DEBUG_INFO = INCLUDE_SOURCE;
				MTL_FAST_MATH = YES;
				ONLY_ACTIVE_ARCH = YES;
				SDKROOT = iphoneos;
			};
			name = Debug;
		};
		9223D417227549D500211B4F /* Release */ = {
			isa = XCBuildConfiguration;
			buildSettings = {
				ALWAYS_SEARCH_USER_PATHS = NO;
				CLANG_ANALYZER_NONNULL = YES;
				CLANG_ANALYZER_NUMBER_OBJECT_CONVERSION = YES_AGGRESSIVE;
				CLANG_CXX_LANGUAGE_STANDARD = "gnu++14";
				CLANG_CXX_LIBRARY = "libc++";
				CLANG_ENABLE_MODULES = YES;
				CLANG_ENABLE_OBJC_ARC = YES;
				CLANG_ENABLE_OBJC_WEAK = YES;
				CLANG_WARN_BLOCK_CAPTURE_AUTORELEASING = YES;
				CLANG_WARN_BOOL_CONVERSION = YES;
				CLANG_WARN_COMMA = YES;
				CLANG_WARN_CONSTANT_CONVERSION = YES;
				CLANG_WARN_DEPRECATED_OBJC_IMPLEMENTATIONS = YES;
				CLANG_WARN_DIRECT_OBJC_ISA_USAGE = YES_ERROR;
				CLANG_WARN_DOCUMENTATION_COMMENTS = YES;
				CLANG_WARN_EMPTY_BODY = YES;
				CLANG_WARN_ENUM_CONVERSION = YES;
				CLANG_WARN_INFINITE_RECURSION = YES;
				CLANG_WARN_INT_CONVERSION = YES;
				CLANG_WARN_NON_LITERAL_NULL_CONVERSION = YES;
				CLANG_WARN_OBJC_IMPLICIT_RETAIN_SELF = YES;
				CLANG_WARN_OBJC_LITERAL_CONVERSION = YES;
				CLANG_WARN_OBJC_ROOT_CLASS = YES_ERROR;
				CLANG_WARN_RANGE_LOOP_ANALYSIS = YES;
				CLANG_WARN_STRICT_PROTOTYPES = YES;
				CLANG_WARN_SUSPICIOUS_MOVE = YES;
				CLANG_WARN_UNGUARDED_AVAILABILITY = YES_AGGRESSIVE;
				CLANG_WARN_UNREACHABLE_CODE = YES;
				CLANG_WARN__DUPLICATE_METHOD_MATCH = YES;
				CODE_SIGN_IDENTITY = "iPhone Developer";
				COPY_PHASE_STRIP = NO;
				DEBUG_INFORMATION_FORMAT = "dwarf-with-dsym";
				ENABLE_NS_ASSERTIONS = NO;
				ENABLE_STRICT_OBJC_MSGSEND = YES;
				GCC_C_LANGUAGE_STANDARD = gnu11;
				GCC_NO_COMMON_BLOCKS = YES;
				GCC_WARN_64_TO_32_BIT_CONVERSION = YES;
				GCC_WARN_ABOUT_RETURN_TYPE = YES_ERROR;
				GCC_WARN_UNDECLARED_SELECTOR = YES;
				GCC_WARN_UNINITIALIZED_AUTOS = YES_AGGRESSIVE;
				GCC_WARN_UNUSED_FUNCTION = YES;
				GCC_WARN_UNUSED_VARIABLE = YES;
				IPHONEOS_DEPLOYMENT_TARGET = 12.1;
				MTL_ENABLE_DEBUG_INFO = NO;
				MTL_FAST_MATH = YES;
				SDKROOT = iphoneos;
				VALIDATE_PRODUCT = YES;
			};
			name = Release;
		};
		9223D419227549D500211B4F /* Debug */ = {
			isa = XCBuildConfiguration;
			buildSettings = {
				ASSETCATALOG_COMPILER_APPICON_NAME = AppIcon;
				CODE_SIGN_STYLE = Automatic;
				DEVELOPMENT_TEAM = CTM8P49F3V;
				FRAMEWORK_SEARCH_PATHS = "";
				HEADER_SEARCH_PATHS = "$(SDKROOT)/usr/include/libxml2";
				INFOPLIST_FILE = SimulationAddress/Info.plist;
				IPHONEOS_DEPLOYMENT_TARGET = 11.0;
				LD_RUNPATH_SEARCH_PATHS = (
					"$(inherited)",
					"@executable_path/Frameworks",
				);
				OTHER_LDFLAGS = "-lxml2";
				PRODUCT_BUNDLE_IDENTIFIER = com.jd.SimulationAddress;
				PRODUCT_NAME = "$(TARGET_NAME)";
				TARGETED_DEVICE_FAMILY = "1,2";
			};
			name = Debug;
		};
		9223D41A227549D500211B4F /* Release */ = {
			isa = XCBuildConfiguration;
			buildSettings = {
				ASSETCATALOG_COMPILER_APPICON_NAME = AppIcon;
				CODE_SIGN_STYLE = Automatic;
				DEVELOPMENT_TEAM = CTM8P49F3V;
				FRAMEWORK_SEARCH_PATHS = "";
				HEADER_SEARCH_PATHS = "$(SDKROOT)/usr/include/libxml2";
				INFOPLIST_FILE = SimulationAddress/Info.plist;
				IPHONEOS_DEPLOYMENT_TARGET = 11.0;
				LD_RUNPATH_SEARCH_PATHS = (
					"$(inherited)",
					"@executable_path/Frameworks",
				);
				OTHER_LDFLAGS = "-lxml2";
				PRODUCT_BUNDLE_IDENTIFIER = com.jd.SimulationAddress;
				PRODUCT_NAME = "$(TARGET_NAME)";
				TARGETED_DEVICE_FAMILY = "1,2";
			};
			name = Release;
		};
/* End XCBuildConfiguration section */

/* Begin XCConfigurationList section */
		9223D3FD227549D400211B4F /* Build configuration list for PBXProject "SimulationAddress" */ = {
			isa = XCConfigurationList;
			buildConfigurations = (
				9223D416227549D500211B4F /* Debug */,
				9223D417227549D500211B4F /* Release */,
			);
			defaultConfigurationIsVisible = 0;
			defaultConfigurationName = Release;
		};
		9223D418227549D500211B4F /* Build configuration list for PBXNativeTarget "SimulationAddress" */ = {
			isa = XCConfigurationList;
			buildConfigurations = (
				9223D419227549D500211B4F /* Debug */,
				9223D41A227549D500211B4F /* Release */,
			);
			defaultConfigurationIsVisible = 0;
			defaultConfigurationName = Release;
		};
/* End XCConfigurationList section */
	};
	rootObject = 9223D3FA227549D400211B4F /* Project object */;
}
