// !$*UTF8*$!
{
	archiveVersion = 1;
	classes = {
	};
	objectVersion = 50;
	objects = {

/* Begin PBXBuildFile section */
		60D1380985E252F6D103CDA5 /* libPods-SimulationAddress.a in Frameworks */ = {isa = PBXBuildFile; fileRef = C6356A64926C713C2700AAD0 /* libPods-SimulationAddress.a */; };
		9223D407227549D400211B4F /* AppDelegate.m in Sources */ = {isa = PBXBuildFile; fileRef = 9223D406227549D400211B4F /* AppDelegate.m */; };
		9223D40A227549D400211B4F /* ViewController.m in Sources */ = {isa = PBXBuildFile; fileRef = 9223D409227549D400211B4F /* ViewController.m */; };
		9223D40D227549D400211B4F /* Main.storyboard in Resources */ = {isa = PBXBuildFile; fileRef = 9223D40B227549D400211B4F /* Main.storyboard */; };
		9223D40F227549D500211B4F /* Assets.xcassets in Resources */ = {isa = PBXBuildFile; fileRef = 9223D40E227549D500211B4F /* Assets.xcassets */; };
		9223D412227549D500211B4F /* LaunchScreen.storyboard in Resources */ = {isa = PBXBuildFile; fileRef = 9223D410227549D500211B4F /* LaunchScreen.storyboard */; };
		9223D415227549D500211B4F /* main.m in Sources */ = {isa = PBXBuildFile; fileRef = 9223D414227549D500211B4F /* main.m */; };
		9223D41C22754AF600211B4F /* test.gpx in Resources */ = {isa = PBXBuildFile; fileRef = 9223D41B22754AF600211B4F /* test.gpx */; };
		9223D41F22754C9600211B4F /* MapKit.framework in Frameworks */ = {isa = PBXBuildFile; fileRef = 9223D41E22754C9600211B4F /* MapKit.framework */; };
		9223D426227558CF00211B4F /* AddressManager.m in Sources */ = {isa = PBXBuildFile; fileRef = 9223D425227558CF00211B4F /* AddressManager.m */; };
		9223D42B2275701A00211B4F /* libxml2.2.tbd in Frameworks */ = {isa = PBXBuildFile; fileRef = 9223D4272275591400211B4F /* libxml2.2.tbd */; };
		9223D42E227570D700211B4F /* GDataXMLNode.m in Sources */ = {isa = PBXBuildFile; fileRef = 9223D42D227570D700211B4F /* GDataXMLNode.m */; settings = {COMPILER_FLAGS = "-fno-objc-arc"; }; };
		9223D4342276918B00211B4F /* EYLocationConverter.m in Sources */ = {isa = PBXBuildFile; fileRef = 9223D4332276918B00211B4F /* EYLocationConverter.m */; };
		9223D436227695CE00211B4F /* Company.gpx in Resources */ = {isa = PBXBuildFile; fileRef = 9223D435227695CE00211B4F /* Company.gpx */; };
		9223D46422782E0400211B4F /* HZxh.gpx in Resources */ = {isa = PBXBuildFile; fileRef = 9223D46322782E0400211B4F /* HZxh.gpx */; };
		9242CB9A227E80C900355585 /* coco.gpx in Resources */ = {isa = PBXBuildFile; fileRef = 9242CB99227E80C900355585 /* coco.gpx */; };
		9263E719228292C50040BD11 /* LT.gpx in Resources */ = {isa = PBXBuildFile; fileRef = 9263E718228292C50040BD11 /* LT.gpx */; };
		926593D0228913CA006B5715 /* libz.tbd in Frameworks */ = {isa = PBXBuildFile; fileRef = 926593CF228913CA006B5715 /* libz.tbd */; };
		926593D2228913D0006B5715 /* SystemConfiguration.framework in Frameworks */ = {isa = PBXBuildFile; fileRef = 926593D1228913D0006B5715 /* SystemConfiguration.framework */; };
		926593D4228913D6006B5715 /* QuartzCore.framework in Frameworks */ = {isa = PBXBuildFile; fileRef = 926593D3228913D6006B5715 /* QuartzCore.framework */; };
		926593D6228913DE006B5715 /* CoreLocation.framework in Frameworks */ = {isa = PBXBuildFile; fileRef = 926593D5228913DE006B5715 /* CoreLocation.framework */; };
		926593D8228913E5006B5715 /* Foundation.framework in Frameworks */ = {isa = PBXBuildFile; fileRef = 926593D7228913E5006B5715 /* Foundation.framework */; };
		926593DA228913EC006B5715 /* CoreGraphics.framework in Frameworks */ = {isa = PBXBuildFile; fileRef = 926593D9228913EC006B5715 /* CoreGraphics.framework */; };
		926593DF22891847006B5715 /* SystemMapViewController.m in Sources */ = {isa = PBXBuildFile; fileRef = 926593DE22891847006B5715 /* SystemMapViewController.m */; };
		92659417228A4B10006B5715 /* QMapKit.framework in Frameworks */ = {isa = PBXBuildFile; fileRef = 92659416228A4B10006B5715 /* QMapKit.framework */; };
		9265941B228A4BE0006B5715 /* 银角.gpx in Resources */ = {isa = PBXBuildFile; fileRef = 92659418228A4BE0006B5715 /* 银角.gpx */; };
		9265941C228A4BE0006B5715 /* 风雪虎.gpx in Resources */ = {isa = PBXBuildFile; fileRef = 92659419228A4BE0006B5715 /* 风雪虎.gpx */; };
		9265941D228A4BE0006B5715 /* 香玉.gpx in Resources */ = {isa = PBXBuildFile; fileRef = 9265941A228A4BE0006B5715 /* 香玉.gpx */; };
		9265941F228A4BFB006B5715 /* QMapKit.bundle in Resources */ = {isa = PBXBuildFile; fileRef = 9265941E228A4BFB006B5715 /* QMapKit.bundle */; };
		92659443228A6D44006B5715 /* 喵大力.gpx in Resources */ = {isa = PBXBuildFile; fileRef = 92659442228A6D44006B5715 /* 喵大力.gpx */; };
		9280B7DF228A76FA0029F4EA /* CFNetwork.framework in Frameworks */ = {isa = PBXBuildFile; fileRef = 9280B7DE228A76FA0029F4EA /* CFNetwork.framework */; };
		9280B7E1228A77240029F4EA /* libAFNetworking.a in Frameworks */ = {isa = PBXBuildFile; fileRef = 9280B7E0228A77240029F4EA /* libAFNetworking.a */; };
		C106FB4C227B0A3A00A8F950 /* BJat.gpx in Resources */ = {isa = PBXBuildFile; fileRef = C106FB4B227B0A3A00A8F950 /* BJat.gpx */; };
		C13F55EE2289C1E3003D3685 /* 白炼秋.gpx in Resources */ = {isa = PBXBuildFile; fileRef = C13F55ED2289C1E3003D3685 /* 白炼秋.gpx */; };
		C1F93B00228723E0009C9D3C /* TXMapViewController.m in Sources */ = {isa = PBXBuildFile; fileRef = C1F93AFF228723E0009C9D3C /* TXMapViewController.m */; };
		C1F93B02228726F7009C9D3C /* libsqlite3.0.tbd in Frameworks */ = {isa = PBXBuildFile; fileRef = C1F93B01228726F7009C9D3C /* libsqlite3.0.tbd */; };
		C1F93B0422872703009C9D3C /* libc++.tbd in Frameworks */ = {isa = PBXBuildFile; fileRef = C1F93B0322872702009C9D3C /* libc++.tbd */; };
/* End PBXBuildFile section */

/* Begin PBXFileReference section */
		77897BB4339C6BAC16169AB2 /* Pods-SimulationAddress.debug.xcconfig */ = {isa = PBXFileReference; includeInIndex = 1; lastKnownFileType = text.xcconfig; name = "Pods-SimulationAddress.debug.xcconfig"; path = "Pods/Target Support Files/Pods-SimulationAddress/Pods-SimulationAddress.debug.xcconfig"; sourceTree = "<group>"; };
		9223D402227549D400211B4F /* SimulationAddress.app */ = {isa = PBXFileReference; explicitFileType = wrapper.application; includeInIndex = 0; path = SimulationAddress.app; sourceTree = BUILT_PRODUCTS_DIR; };
		9223D405227549D400211B4F /* AppDelegate.h */ = {isa = PBXFileReference; lastKnownFileType = sourcecode.c.h; path = AppDelegate.h; sourceTree = "<group>"; };
		9223D406227549D400211B4F /* AppDelegate.m */ = {isa = PBXFileReference; lastKnownFileType = sourcecode.c.objc; path = AppDelegate.m; sourceTree = "<group>"; };
		9223D408227549D400211B4F /* ViewController.h */ = {isa = PBXFileReference; lastKnownFileType = sourcecode.c.h; path = ViewController.h; sourceTree = "<group>"; };
		9223D409227549D400211B4F /* ViewController.m */ = {isa = PBXFileReference; lastKnownFileType = sourcecode.c.objc; path = ViewController.m; sourceTree = "<group>"; };
		9223D40C227549D400211B4F /* Base */ = {isa = PBXFileReference; lastKnownFileType = file.storyboard; name = Base; path = Base.lproj/Main.storyboard; sourceTree = "<group>"; };
		9223D40E227549D500211B4F /* Assets.xcassets */ = {isa = PBXFileReference; lastKnownFileType = folder.assetcatalog; path = Assets.xcassets; sourceTree = "<group>"; };
		9223D411227549D500211B4F /* Base */ = {isa = PBXFileReference; lastKnownFileType = file.storyboard; name = Base; path = Base.lproj/LaunchScreen.storyboard; sourceTree = "<group>"; };
		9223D413227549D500211B4F /* Info.plist */ = {isa = PBXFileReference; lastKnownFileType = text.plist.xml; path = Info.plist; sourceTree = "<group>"; };
		9223D414227549D500211B4F /* main.m */ = {isa = PBXFileReference; lastKnownFileType = sourcecode.c.objc; path = main.m; sourceTree = "<group>"; };
		9223D41B22754AF600211B4F /* test.gpx */ = {isa = PBXFileReference; fileEncoding = 4; lastKnownFileType = text.xml; path = test.gpx; sourceTree = "<group>"; };
		9223D41E22754C9600211B4F /* MapKit.framework */ = {isa = PBXFileReference; lastKnownFileType = wrapper.framework; name = MapKit.framework; path = System/Library/Frameworks/MapKit.framework; sourceTree = SDKROOT; };
		9223D424227558CF00211B4F /* AddressManager.h */ = {isa = PBXFileReference; lastKnownFileType = sourcecode.c.h; path = AddressManager.h; sourceTree = "<group>"; };
		9223D425227558CF00211B4F /* AddressManager.m */ = {isa = PBXFileReference; lastKnownFileType = sourcecode.c.objc; path = AddressManager.m; sourceTree = "<group>"; };
		9223D4272275591400211B4F /* libxml2.2.tbd */ = {isa = PBXFileReference; lastKnownFileType = "sourcecode.text-based-dylib-definition"; name = libxml2.2.tbd; path = usr/lib/libxml2.2.tbd; sourceTree = SDKROOT; };
		9223D42C227570D700211B4F /* GDataXMLNode.h */ = {isa = PBXFileReference; fileEncoding = 4; lastKnownFileType = sourcecode.c.h; path = GDataXMLNode.h; sourceTree = "<group>"; };
		9223D42D227570D700211B4F /* GDataXMLNode.m */ = {isa = PBXFileReference; fileEncoding = 4; lastKnownFileType = sourcecode.c.objc; path = GDataXMLNode.m; sourceTree = "<group>"; };
		9223D4322276918B00211B4F /* EYLocationConverter.h */ = {isa = PBXFileReference; lastKnownFileType = sourcecode.c.h; path = EYLocationConverter.h; sourceTree = "<group>"; };
		9223D4332276918B00211B4F /* EYLocationConverter.m */ = {isa = PBXFileReference; lastKnownFileType = sourcecode.c.objc; path = EYLocationConverter.m; sourceTree = "<group>"; };
		9223D435227695CE00211B4F /* Company.gpx */ = {isa = PBXFileReference; lastKnownFileType = text.xml; path = Company.gpx; sourceTree = "<group>"; };
		9223D4602277FDA400211B4F /* BJbh.gpx */ = {isa = PBXFileReference; lastKnownFileType = text.xml; path = BJbh.gpx; sourceTree = "<group>"; };
		9223D46322782E0400211B4F /* HZxh.gpx */ = {isa = PBXFileReference; lastKnownFileType = text.xml; path = HZxh.gpx; sourceTree = "<group>"; };
		9242CB99227E80C900355585 /* coco.gpx */ = {isa = PBXFileReference; lastKnownFileType = text.xml; path = coco.gpx; sourceTree = "<group>"; };
		9263E718228292C50040BD11 /* LT.gpx */ = {isa = PBXFileReference; lastKnownFileType = text.xml; path = LT.gpx; sourceTree = "<group>"; };
		926593CF228913CA006B5715 /* libz.tbd */ = {isa = PBXFileReference; lastKnownFileType = "sourcecode.text-based-dylib-definition"; name = libz.tbd; path = usr/lib/libz.tbd; sourceTree = SDKROOT; };
		926593D1228913D0006B5715 /* SystemConfiguration.framework */ = {isa = PBXFileReference; lastKnownFileType = wrapper.framework; name = SystemConfiguration.framework; path = System/Library/Frameworks/SystemConfiguration.framework; sourceTree = SDKROOT; };
		926593D3228913D6006B5715 /* QuartzCore.framework */ = {isa = PBXFileReference; lastKnownFileType = wrapper.framework; name = QuartzCore.framework; path = System/Library/Frameworks/QuartzCore.framework; sourceTree = SDKROOT; };
		926593D5228913DE006B5715 /* CoreLocation.framework */ = {isa = PBXFileReference; lastKnownFileType = wrapper.framework; name = CoreLocation.framework; path = System/Library/Frameworks/CoreLocation.framework; sourceTree = SDKROOT; };
		926593D7228913E5006B5715 /* Foundation.framework */ = {isa = PBXFileReference; lastKnownFileType = wrapper.framework; name = Foundation.framework; path = System/Library/Frameworks/Foundation.framework; sourceTree = SDKROOT; };
		926593D9228913EC006B5715 /* CoreGraphics.framework */ = {isa = PBXFileReference; lastKnownFileType = wrapper.framework; name = CoreGraphics.framework; path = System/Library/Frameworks/CoreGraphics.framework; sourceTree = SDKROOT; };
		926593DD22891847006B5715 /* SystemMapViewController.h */ = {isa = PBXFileReference; lastKnownFileType = sourcecode.c.h; path = SystemMapViewController.h; sourceTree = "<group>"; };
		926593DE22891847006B5715 /* SystemMapViewController.m */ = {isa = PBXFileReference; lastKnownFileType = sourcecode.c.objc; path = SystemMapViewController.m; sourceTree = "<group>"; };
		92659416228A4B10006B5715 /* QMapKit.framework */ = {isa = PBXFileReference; lastKnownFileType = wrapper.framework; path = QMapKit.framework; sourceTree = "<group>"; };
		92659418228A4BE0006B5715 /* 银角.gpx */ = {isa = PBXFileReference; fileEncoding = 4; lastKnownFileType = text.xml; path = "银角.gpx"; sourceTree = "<group>"; };
		92659419228A4BE0006B5715 /* 风雪虎.gpx */ = {isa = PBXFileReference; fileEncoding = 4; lastKnownFileType = text.xml; path = "风雪虎.gpx"; sourceTree = "<group>"; };
		9265941A228A4BE0006B5715 /* 香玉.gpx */ = {isa = PBXFileReference; fileEncoding = 4; lastKnownFileType = text.xml; path = "香玉.gpx"; sourceTree = "<group>"; };
		9265941E228A4BFB006B5715 /* QMapKit.bundle */ = {isa = PBXFileReference; lastKnownFileType = "wrapper.plug-in"; name = QMapKit.bundle; path = QMapKit.framework/QMapKit.bundle; sourceTree = "<group>"; };
		92659442228A6D44006B5715 /* 喵大力.gpx */ = {isa = PBXFileReference; lastKnownFileType = text.xml; path = "喵大力.gpx"; sourceTree = "<group>"; };
		9280B7DE228A76FA0029F4EA /* CFNetwork.framework */ = {isa = PBXFileReference; lastKnownFileType = wrapper.framework; name = CFNetwork.framework; path = System/Library/Frameworks/CFNetwork.framework; sourceTree = SDKROOT; };
		9280B7E0228A77240029F4EA /* libAFNetworking.a */ = {isa = PBXFileReference; explicitFileType = archive.ar; path = libAFNetworking.a; sourceTree = BUILT_PRODUCTS_DIR; };
		C106FB4B227B0A3A00A8F950 /* BJat.gpx */ = {isa = PBXFileReference; lastKnownFileType = text.xml; path = BJat.gpx; sourceTree = "<group>"; };
		C13F55ED2289C1E3003D3685 /* 白炼秋.gpx */ = {isa = PBXFileReference; lastKnownFileType = text.xml; path = "白炼秋.gpx"; sourceTree = "<group>"; };
		C15A9FBB996CBF01E99818A7 /* Pods-SimulationAddress.release.xcconfig */ = {isa = PBXFileReference; includeInIndex = 1; lastKnownFileType = text.xcconfig; name = "Pods-SimulationAddress.release.xcconfig"; path = "Pods/Target Support Files/Pods-SimulationAddress/Pods-SimulationAddress.release.xcconfig"; sourceTree = "<group>"; };
		C1F93AFE228723E0009C9D3C /* TXMapViewController.h */ = {isa = PBXFileReference; lastKnownFileType = sourcecode.c.h; path = TXMapViewController.h; sourceTree = "<group>"; };
		C1F93AFF228723E0009C9D3C /* TXMapViewController.m */ = {isa = PBXFileReference; lastKnownFileType = sourcecode.c.objc; path = TXMapViewController.m; sourceTree = "<group>"; };
		C1F93B01228726F7009C9D3C /* libsqlite3.0.tbd */ = {isa = PBXFileReference; lastKnownFileType = "sourcecode.text-based-dylib-definition"; name = libsqlite3.0.tbd; path = usr/lib/libsqlite3.0.tbd; sourceTree = SDKROOT; };
		C1F93B0322872702009C9D3C /* libc++.tbd */ = {isa = PBXFileReference; lastKnownFileType = "sourcecode.text-based-dylib-definition"; name = "libc++.tbd"; path = "usr/lib/libc++.tbd"; sourceTree = SDKROOT; };
		C6356A64926C713C2700AAD0 /* libPods-SimulationAddress.a */ = {isa = PBXFileReference; explicitFileType = archive.ar; includeInIndex = 0; path = "libPods-SimulationAddress.a"; sourceTree = BUILT_PRODUCTS_DIR; };
/* End PBXFileReference section */

/* Begin PBXFrameworksBuildPhase section */
		9223D3FF227549D400211B4F /* Frameworks */ = {
			isa = PBXFrameworksBuildPhase;
			buildActionMask = 2147483647;
			files = (
				9280B7E1228A77240029F4EA /* libAFNetworking.a in Frameworks */,
				9280B7DF228A76FA0029F4EA /* CFNetwork.framework in Frameworks */,
				926593DA228913EC006B5715 /* CoreGraphics.framework in Frameworks */,
				92659417228A4B10006B5715 /* QMapKit.framework in Frameworks */,
				926593D8228913E5006B5715 /* Foundation.framework in Frameworks */,
				926593D6228913DE006B5715 /* CoreLocation.framework in Frameworks */,
				926593D4228913D6006B5715 /* QuartzCore.framework in Frameworks */,
				926593D2228913D0006B5715 /* SystemConfiguration.framework in Frameworks */,
				926593D0228913CA006B5715 /* libz.tbd in Frameworks */,
				C1F93B0422872703009C9D3C /* libc++.tbd in Frameworks */,
				C1F93B02228726F7009C9D3C /* libsqlite3.0.tbd in Frameworks */,
				9223D42B2275701A00211B4F /* libxml2.2.tbd in Frameworks */,
				9223D41F22754C9600211B4F /* MapKit.framework in Frameworks */,
				60D1380985E252F6D103CDA5 /* libPods-SimulationAddress.a in Frameworks */,
			);
			runOnlyForDeploymentPostprocessing = 0;
		};
/* End PBXFrameworksBuildPhase section */

/* Begin PBXGroup section */
		865FA4714990E470E425EE65 /* Pods */ = {
			isa = PBXGroup;
			children = (
				77897BB4339C6BAC16169AB2 /* Pods-SimulationAddress.debug.xcconfig */,
				C15A9FBB996CBF01E99818A7 /* Pods-SimulationAddress.release.xcconfig */,
			);
			name = Pods;
			sourceTree = "<group>";
		};
		9223D3F9227549D400211B4F = {
			isa = PBXGroup;
			children = (
				9223D404227549D400211B4F /* SimulationAddress */,
				9223D403227549D400211B4F /* Products */,
				9223D41D22754C9600211B4F /* Frameworks */,
				865FA4714990E470E425EE65 /* Pods */,
			);
			sourceTree = "<group>";
		};
		9223D403227549D400211B4F /* Products */ = {
			isa = PBXGroup;
			children = (
				9223D402227549D400211B4F /* SimulationAddress.app */,
			);
			name = Products;
			sourceTree = "<group>";
		};
		9223D404227549D400211B4F /* SimulationAddress */ = {
			isa = PBXGroup;
			children = (
				92659415228A4B10006B5715 /* sdk */,
				C13F55EC2289C19B003D3685 /* Sources */,
				9223D4202275587100211B4F /* LocationManager */,
				9223D405227549D400211B4F /* AppDelegate.h */,
				9223D406227549D400211B4F /* AppDelegate.m */,
				9223D408227549D400211B4F /* ViewController.h */,
				9223D409227549D400211B4F /* ViewController.m */,
				926593DD22891847006B5715 /* SystemMapViewController.h */,
				926593DE22891847006B5715 /* SystemMapViewController.m */,
				C1F93AFE228723E0009C9D3C /* TXMapViewController.h */,
				C1F93AFF228723E0009C9D3C /* TXMapViewController.m */,
				9223D40B227549D400211B4F /* Main.storyboard */,
				9223D40E227549D500211B4F /* Assets.xcassets */,
				9223D410227549D500211B4F /* LaunchScreen.storyboard */,
				9223D413227549D500211B4F /* Info.plist */,
				9223D414227549D500211B4F /* main.m */,
			);
			path = SimulationAddress;
			sourceTree = "<group>";
		};
		9223D41D22754C9600211B4F /* Frameworks */ = {
			isa = PBXGroup;
			children = (
				9280B7E0228A77240029F4EA /* libAFNetworking.a */,
				9280B7DE228A76FA0029F4EA /* CFNetwork.framework */,
				926593D9228913EC006B5715 /* CoreGraphics.framework */,
				926593D7228913E5006B5715 /* Foundation.framework */,
				926593D5228913DE006B5715 /* CoreLocation.framework */,
				926593D3228913D6006B5715 /* QuartzCore.framework */,
				926593D1228913D0006B5715 /* SystemConfiguration.framework */,
				926593CF228913CA006B5715 /* libz.tbd */,
				C1F93B0322872702009C9D3C /* libc++.tbd */,
				C1F93B01228726F7009C9D3C /* libsqlite3.0.tbd */,
				9223D4272275591400211B4F /* libxml2.2.tbd */,
				9223D41E22754C9600211B4F /* MapKit.framework */,
				C6356A64926C713C2700AAD0 /* libPods-SimulationAddress.a */,
			);
			name = Frameworks;
			sourceTree = "<group>";
		};
		9223D4202275587100211B4F /* LocationManager */ = {
			isa = PBXGroup;
			children = (
				9223D42C227570D700211B4F /* GDataXMLNode.h */,
				9223D42D227570D700211B4F /* GDataXMLNode.m */,
				9223D424227558CF00211B4F /* AddressManager.h */,
				9223D425227558CF00211B4F /* AddressManager.m */,
				9223D4322276918B00211B4F /* EYLocationConverter.h */,
				9223D4332276918B00211B4F /* EYLocationConverter.m */,
			);
			path = LocationManager;
			sourceTree = "<group>";
		};
		92659415228A4B10006B5715 /* sdk */ = {
			isa = PBXGroup;
			children = (
				9265941E228A4BFB006B5715 /* QMapKit.bundle */,
				92659416228A4B10006B5715 /* QMapKit.framework */,
			);
			name = sdk;
			path = ../../../TencentMapSDK_iOS_3D_v4.2.3.1/sdk;
			sourceTree = "<group>";
		};
		C13F55EC2289C19B003D3685 /* Sources */ = {
			isa = PBXGroup;
			children = (
				9223D41B22754AF600211B4F /* test.gpx */,
				92659419228A4BE0006B5715 /* 风雪虎.gpx */,
				9265941A228A4BE0006B5715 /* 香玉.gpx */,
				92659418228A4BE0006B5715 /* 银角.gpx */,
				C13F55ED2289C1E3003D3685 /* 白炼秋.gpx */,
				92659442228A6D44006B5715 /* 喵大力.gpx */,
				9263E718228292C50040BD11 /* LT.gpx */,
				C106FB4B227B0A3A00A8F950 /* BJat.gpx */,
				9223D46322782E0400211B4F /* HZxh.gpx */,
				9223D4602277FDA400211B4F /* BJbh.gpx */,
				9223D435227695CE00211B4F /* Company.gpx */,
				9242CB99227E80C900355585 /* coco.gpx */,
			);
			path = Sources;
			sourceTree = "<group>";
		};
/* End PBXGroup section */

/* Begin PBXNativeTarget section */
		9223D401227549D400211B4F /* SimulationAddress */ = {
			isa = PBXNativeTarget;
			buildConfigurationList = 9223D418227549D500211B4F /* Build configuration list for PBXNativeTarget "SimulationAddress" */;
			buildPhases = (
				5E8B132C57D30A97A702B588 /* [CP] Check Pods Manifest.lock */,
				9223D3FE227549D400211B4F /* Sources */,
				9223D3FF227549D400211B4F /* Frameworks */,
				9223D400227549D400211B4F /* Resources */,
			);
			buildRules = (
			);
			dependencies = (
			);
			name = SimulationAddress;
			productName = SimulationAddress;
			productReference = 9223D402227549D400211B4F /* SimulationAddress.app */;
			productType = "com.apple.product-type.application";
		};
/* End PBXNativeTarget section */

/* Begin PBXProject section */
		9223D3FA227549D400211B4F /* Project object */ = {
			isa = PBXProject;
			attributes = {
				LastUpgradeCheck = 1010;
				ORGANIZATIONNAME = yinhuadong;
				TargetAttributes = {
					9223D401227549D400211B4F = {
						CreatedOnToolsVersion = 10.1;
						SystemCapabilities = {
							com.apple.Maps.iOS = {
								enabled = 1;
							};
						};
					};
				};
			};
			buildConfigurationList = 9223D3FD227549D400211B4F /* Build configuration list for PBXProject "SimulationAddress" */;
			compatibilityVersion = "Xcode 9.3";
			developmentRegion = en;
			hasScannedForEncodings = 0;
			knownRegions = (
				en,
				Base,
			);
			mainGroup = 9223D3F9227549D400211B4F;
			productRefGroup = 9223D403227549D400211B4F /* Products */;
			projectDirPath = "";
			projectRoot = "";
			targets = (
				9223D401227549D400211B4F /* SimulationAddress */,
			);
		};
/* End PBXProject section */

/* Begin PBXResourcesBuildPhase section */
		9223D400227549D400211B4F /* Resources */ = {
			isa = PBXResourcesBuildPhase;
			buildActionMask = 2147483647;
			files = (
				9265941D228A4BE0006B5715 /* 香玉.gpx in Resources */,
				9223D412227549D500211B4F /* LaunchScreen.storyboard in Resources */,
				9242CB9A227E80C900355585 /* coco.gpx in Resources */,
				9223D46422782E0400211B4F /* HZxh.gpx in Resources */,
				9265941B228A4BE0006B5715 /* 银角.gpx in Resources */,
				9223D41C22754AF600211B4F /* test.gpx in Resources */,
				C106FB4C227B0A3A00A8F950 /* BJat.gpx in Resources */,
				9265941F228A4BFB006B5715 /* QMapKit.bundle in Resources */,
				9265941C228A4BE0006B5715 /* 风雪虎.gpx in Resources */,
				C13F55EE2289C1E3003D3685 /* 白炼秋.gpx in Resources */,
				9263E719228292C50040BD11 /* LT.gpx in Resources */,
				9223D40F227549D500211B4F /* Assets.xcassets in Resources */,
				92659443228A6D44006B5715 /* 喵大力.gpx in Resources */,
				9223D436227695CE00211B4F /* Company.gpx in Resources */,
				9223D40D227549D400211B4F /* Main.storyboard in Resources */,
			);
			runOnlyForDeploymentPostprocessing = 0;
		};
/* End PBXResourcesBuildPhase section */

/* Begin PBXShellScriptBuildPhase section */
		5E8B132C57D30A97A702B588 /* [CP] Check Pods Manifest.lock */ = {
			isa = PBXShellScriptBuildPhase;
			buildActionMask = 2147483647;
			files = (
			);
			inputFileListPaths = (
			);
			inputPaths = (
				"${PODS_PODFILE_DIR_PATH}/Podfile.lock",
				"${PODS_ROOT}/Manifest.lock",
			);
			name = "[CP] Check Pods Manifest.lock";
			outputFileListPaths = (
			);
			outputPaths = (
				"$(DERIVED_FILE_DIR)/Pods-SimulationAddress-checkManifestLockResult.txt",
			);
			runOnlyForDeploymentPostprocessing = 0;
			shellPath = /bin/sh;
			shellScript = "diff \"${PODS_PODFILE_DIR_PATH}/Podfile.lock\" \"${PODS_ROOT}/Manifest.lock\" > /dev/null\nif [ $? != 0 ] ; then\n    # print error to STDERR\n    echo \"error: The sandbox is not in sync with the Podfile.lock. Run 'pod install' or update your CocoaPods installation.\" >&2\n    exit 1\nfi\n# This output is used by Xcode 'outputs' to avoid re-running this script phase.\necho \"SUCCESS\" > \"${SCRIPT_OUTPUT_FILE_0}\"\n";
			showEnvVarsInLog = 0;
		};
/* End PBXShellScriptBuildPhase section */

/* Begin PBXSourcesBuildPhase section */
		9223D3FE227549D400211B4F /* Sources */ = {
			isa = PBXSourcesBuildPhase;
			buildActionMask = 2147483647;
			files = (
				9223D426227558CF00211B4F /* AddressManager.m in Sources */,
				9223D40A227549D400211B4F /* ViewController.m in Sources */,
				C1F93B00228723E0009C9D3C /* TXMapViewController.m in Sources */,
				9223D415227549D500211B4F /* main.m in Sources */,
				9223D407227549D400211B4F /* AppDelegate.m in Sources */,
				9223D42E227570D700211B4F /* GDataXMLNode.m in Sources */,
				926593DF22891847006B5715 /* SystemMapViewController.m in Sources */,
				9223D4342276918B00211B4F /* EYLocationConverter.m in Sources */,
			);
			runOnlyForDeploymentPostprocessing = 0;
		};
/* End PBXSourcesBuildPhase section */

/* Begin PBXVariantGroup section */
		9223D40B227549D400211B4F /* Main.storyboard */ = {
			isa = PBXVariantGroup;
			children = (
				9223D40C227549D400211B4F /* Base */,
			);
			name = Main.storyboard;
			sourceTree = "<group>";
		};
		9223D410227549D500211B4F /* LaunchScreen.storyboard */ = {
			isa = PBXVariantGroup;
			children = (
				9223D411227549D500211B4F /* Base */,
			);
			name = LaunchScreen.storyboard;
			sourceTree = "<group>";
		};
/* End PBXVariantGroup section */

/* Begin XCBuildConfiguration section */
		9223D416227549D500211B4F /* Debug */ = {
			isa = XCBuildConfiguration;
			buildSettings = {
				ALWAYS_SEARCH_USER_PATHS = NO;
				CLANG_ANALYZER_NONNULL = YES;
				CLANG_ANALYZER_NUMBER_OBJECT_CONVERSION = YES_AGGRESSIVE;
				CLANG_CXX_LANGUAGE_STANDARD = "gnu++14";
				CLANG_CXX_LIBRARY = "libc++";
				CLANG_ENABLE_MODULES = YES;
				CLANG_ENABLE_OBJC_ARC = YES;
				CLANG_ENABLE_OBJC_WEAK = YES;
				CLANG_WARN_BLOCK_CAPTURE_AUTORELEASING = YES;
				CLANG_WARN_BOOL_CONVERSION = YES;
				CLANG_WARN_COMMA = YES;
				CLANG_WARN_CONSTANT_CONVERSION = YES;
				CLANG_WARN_DEPRECATED_OBJC_IMPLEMENTATIONS = YES;
				CLANG_WARN_DIRECT_OBJC_ISA_USAGE = YES_ERROR;
				CLANG_WARN_DOCUMENTATION_COMMENTS = YES;
				CLANG_WARN_EMPTY_BODY = YES;
				CLANG_WARN_ENUM_CONVERSION = YES;
				CLANG_WARN_INFINITE_RECURSION = YES;
				CLANG_WARN_INT_CONVERSION = YES;
				CLANG_WARN_NON_LITERAL_NULL_CONVERSION = YES;
				CLANG_WARN_OBJC_IMPLICIT_RETAIN_SELF = YES;
				CLANG_WARN_OBJC_LITERAL_CONVERSION = YES;
				CLANG_WARN_OBJC_ROOT_CLASS = YES_ERROR;
				CLANG_WARN_RANGE_LOOP_ANALYSIS = YES;
				CLANG_WARN_STRICT_PROTOTYPES = YES;
				CLANG_WARN_SUSPICIOUS_MOVE = YES;
				CLANG_WARN_UNGUARDED_AVAILABILITY = YES_AGGRESSIVE;
				CLANG_WARN_UNREACHABLE_CODE = YES;
				CLANG_WARN__DUPLICATE_METHOD_MATCH = YES;
				CODE_SIGN_IDENTITY = "iPhone Developer";
				COPY_PHASE_STRIP = NO;
				DEBUG_INFORMATION_FORMAT = dwarf;
				ENABLE_STRICT_OBJC_MSGSEND = YES;
				ENABLE_TESTABILITY = YES;
				GCC_C_LANGUAGE_STANDARD = gnu11;
				GCC_DYNAMIC_NO_PIC = NO;
				GCC_NO_COMMON_BLOCKS = YES;
				GCC_OPTIMIZATION_LEVEL = 0;
				GCC_PREPROCESSOR_DEFINITIONS = (
					"DEBUG=1",
					"$(inherited)",
				);
				GCC_WARN_64_TO_32_BIT_CONVERSION = YES;
				GCC_WARN_ABOUT_RETURN_TYPE = YES_ERROR;
				GCC_WARN_UNDECLARED_SELECTOR = YES;
				GCC_WARN_UNINITIALIZED_AUTOS = YES_AGGRESSIVE;
				GCC_WARN_UNUSED_FUNCTION = YES;
				GCC_WARN_UNUSED_VARIABLE = YES;
				IPHONEOS_DEPLOYMENT_TARGET = 12.1;
				MTL_ENABLE_DEBUG_INFO = INCLUDE_SOURCE;
				MTL_FAST_MATH = YES;
				ONLY_ACTIVE_ARCH = YES;
				SDKROOT = iphoneos;
			};
			name = Debug;
		};
		9223D417227549D500211B4F /* Release */ = {
			isa = XCBuildConfiguration;
			buildSettings = {
				ALWAYS_SEARCH_USER_PATHS = NO;
				CLANG_ANALYZER_NONNULL = YES;
				CLANG_ANALYZER_NUMBER_OBJECT_CONVERSION = YES_AGGRESSIVE;
				CLANG_CXX_LANGUAGE_STANDARD = "gnu++14";
				CLANG_CXX_LIBRARY = "libc++";
				CLANG_ENABLE_MODULES = YES;
				CLANG_ENABLE_OBJC_ARC = YES;
				CLANG_ENABLE_OBJC_WEAK = YES;
				CLANG_WARN_BLOCK_CAPTURE_AUTORELEASING = YES;
				CLANG_WARN_BOOL_CONVERSION = YES;
				CLANG_WARN_COMMA = YES;
				CLANG_WARN_CONSTANT_CONVERSION = YES;
				CLANG_WARN_DEPRECATED_OBJC_IMPLEMENTATIONS = YES;
				CLANG_WARN_DIRECT_OBJC_ISA_USAGE = YES_ERROR;
				CLANG_WARN_DOCUMENTATION_COMMENTS = YES;
				CLANG_WARN_EMPTY_BODY = YES;
				CLANG_WARN_ENUM_CONVERSION = YES;
				CLANG_WARN_INFINITE_RECURSION = YES;
				CLANG_WARN_INT_CONVERSION = YES;
				CLANG_WARN_NON_LITERAL_NULL_CONVERSION = YES;
				CLANG_WARN_OBJC_IMPLICIT_RETAIN_SELF = YES;
				CLANG_WARN_OBJC_LITERAL_CONVERSION = YES;
				CLANG_WARN_OBJC_ROOT_CLASS = YES_ERROR;
				CLANG_WARN_RANGE_LOOP_ANALYSIS = YES;
				CLANG_WARN_STRICT_PROTOTYPES = YES;
				CLANG_WARN_SUSPICIOUS_MOVE = YES;
				CLANG_WARN_UNGUARDED_AVAILABILITY = YES_AGGRESSIVE;
				CLANG_WARN_UNREACHABLE_CODE = YES;
				CLANG_WARN__DUPLICATE_METHOD_MATCH = YES;
				CODE_SIGN_IDENTITY = "iPhone Developer";
				COPY_PHASE_STRIP = NO;
				DEBUG_INFORMATION_FORMAT = "dwarf-with-dsym";
				ENABLE_NS_ASSERTIONS = NO;
				ENABLE_STRICT_OBJC_MSGSEND = YES;
				GCC_C_LANGUAGE_STANDARD = gnu11;
				GCC_NO_COMMON_BLOCKS = YES;
				GCC_WARN_64_TO_32_BIT_CONVERSION = YES;
				GCC_WARN_ABOUT_RETURN_TYPE = YES_ERROR;
				GCC_WARN_UNDECLARED_SELECTOR = YES;
				GCC_WARN_UNINITIALIZED_AUTOS = YES_AGGRESSIVE;
				GCC_WARN_UNUSED_FUNCTION = YES;
				GCC_WARN_UNUSED_VARIABLE = YES;
				IPHONEOS_DEPLOYMENT_TARGET = 12.1;
				MTL_ENABLE_DEBUG_INFO = NO;
				MTL_FAST_MATH = YES;
				SDKROOT = iphoneos;
				VALIDATE_PRODUCT = YES;
			};
			name = Release;
		};
		9223D419227549D500211B4F /* Debug */ = {
			isa = XCBuildConfiguration;
			baseConfigurationReference = 77897BB4339C6BAC16169AB2 /* Pods-SimulationAddress.debug.xcconfig */;
			buildSettings = {
				ASSETCATALOG_COMPILER_APPICON_NAME = AppIcon;
				CODE_SIGN_STYLE = Automatic;
				DEVELOPMENT_TEAM = CTM8P49F3V;
				FRAMEWORK_SEARCH_PATHS = (
					"$(PROJECT_DIR)",
					../../TencentMapSDK_iOS_3D_v4.2.3.1/sdk,
				);
				HEADER_SEARCH_PATHS = "$(SDKROOT)/usr/include/libxml2";
				INFOPLIST_FILE = SimulationAddress/Info.plist;
				IPHONEOS_DEPLOYMENT_TARGET = 11.0;
				LD_RUNPATH_SEARCH_PATHS = (
					"$(inherited)",
					"@executable_path/Frameworks",
				);
				OTHER_LDFLAGS = (
					"-lxml2",
					"-ObjC",
				);
				PRODUCT_BUNDLE_IDENTIFIER = com.jd.SimulationAddress;
				PRODUCT_NAME = "$(TARGET_NAME)";
				TARGETED_DEVICE_FAMILY = "1,2";
			};
			name = Debug;
		};
		9223D41A227549D500211B4F /* Release */ = {
			isa = XCBuildConfiguration;
			baseConfigurationReference = C15A9FBB996CBF01E99818A7 /* Pods-SimulationAddress.release.xcconfig */;
			buildSettings = {
				ASSETCATALOG_COMPILER_APPICON_NAME = AppIcon;
				CODE_SIGN_STYLE = Automatic;
				DEVELOPMENT_TEAM = CTM8P49F3V;
				FRAMEWORK_SEARCH_PATHS = (
					"$(PROJECT_DIR)",
					../../TencentMapSDK_iOS_3D_v4.2.3.1/sdk,
				);
				HEADER_SEARCH_PATHS = "$(SDKROOT)/usr/include/libxml2";
				INFOPLIST_FILE = SimulationAddress/Info.plist;
				IPHONEOS_DEPLOYMENT_TARGET = 11.0;
				LD_RUNPATH_SEARCH_PATHS = (
					"$(inherited)",
					"@executable_path/Frameworks",
				);
				OTHER_LDFLAGS = (
					"-lxml2",
					"-ObjC",
				);
				PRODUCT_BUNDLE_IDENTIFIER = com.jd.SimulationAddress;
				PRODUCT_NAME = "$(TARGET_NAME)";
				TARGETED_DEVICE_FAMILY = "1,2";
			};
			name = Release;
		};
/* End XCBuildConfiguration section */

/* Begin XCConfigurationList section */
		9223D3FD227549D400211B4F /* Build configuration list for PBXProject "SimulationAddress" */ = {
			isa = XCConfigurationList;
			buildConfigurations = (
				9223D416227549D500211B4F /* Debug */,
				9223D417227549D500211B4F /* Release */,
			);
			defaultConfigurationIsVisible = 0;
			defaultConfigurationName = Release;
		};
		9223D418227549D500211B4F /* Build configuration list for PBXNativeTarget "SimulationAddress" */ = {
			isa = XCConfigurationList;
			buildConfigurations = (
				9223D419227549D500211B4F /* Debug */,
				9223D41A227549D500211B4F /* Release */,
			);
			defaultConfigurationIsVisible = 0;
			defaultConfigurationName = Release;
		};
/* End XCConfigurationList section */
	};
	rootObject = 9223D3FA227549D400211B4F /* Project object */;
}
