// !$*UTF8*$!
{
	archiveVersion = 1;
	classes = {
	};
	objectVersion = 50;
	objects = {

/* Begin PBXBuildFile section */
		9263E6EC22816B0E0040BD11 /* AppDelegate.m in Sources */ = {isa = PBXBuildFile; fileRef = 9263E6EB22816B0E0040BD11 /* AppDelegate.m */; };
		9263E6EF22816B0E0040BD11 /* ViewController.m in Sources */ = {isa = PBXBuildFile; fileRef = 9263E6EE22816B0E0040BD11 /* ViewController.m */; };
		9263E6F222816B0E0040BD11 /* Main.storyboard in Resources */ = {isa = PBXBuildFile; fileRef = 9263E6F022816B0E0040BD11 /* Main.storyboard */; };
		9263E6F422816B100040BD11 /* Assets.xcassets in Resources */ = {isa = PBXBuildFile; fileRef = 9263E6F322816B100040BD11 /* Assets.xcassets */; };
		9263E6F722816B100040BD11 /* LaunchScreen.storyboard in Resources */ = {isa = PBXBuildFile; fileRef = 9263E6F522816B100040BD11 /* LaunchScreen.storyboard */; };
		9263E6FA22816B100040BD11 /* main.m in Sources */ = {isa = PBXBuildFile; fileRef = 9263E6F922816B100040BD11 /* main.m */; };
		9263E70222816B6A0040BD11 /* CoreMotion.framework in Frameworks */ = {isa = PBXBuildFile; fileRef = 9263E70122816B6A0040BD11 /* CoreMotion.framework */; };
		9263E70522816DCA0040BD11 /* HealthKit.framework in Frameworks */ = {isa = PBXBuildFile; fileRef = 9263E70422816DCA0040BD11 /* HealthKit.framework */; };
		9263E708228172F10040BD11 /* EYHealthManager.m in Sources */ = {isa = PBXBuildFile; fileRef = 9263E707228172F10040BD11 /* EYHealthManager.m */; };
		9263E71D2282CE200040BD11 /* EYPedometerViewController.m in Sources */ = {isa = PBXBuildFile; fileRef = 9263E71C2282CE200040BD11 /* EYPedometerViewController.m */; };
		9263E7222283C35F0040BD11 /* EYHealthKitViewController.m in Sources */ = {isa = PBXBuildFile; fileRef = 9263E7212283C35F0040BD11 /* EYHealthKitViewController.m */; };
/* End PBXBuildFile section */

/* Begin PBXFileReference section */
		9263E6E722816B0E0040BD11 /* EYHealthDemo.app */ = {isa = PBXFileReference; explicitFileType = wrapper.application; includeInIndex = 0; path = EYHealthDemo.app; sourceTree = BUILT_PRODUCTS_DIR; };
		9263E6EA22816B0E0040BD11 /* AppDelegate.h */ = {isa = PBXFileReference; lastKnownFileType = sourcecode.c.h; path = AppDelegate.h; sourceTree = "<group>"; };
		9263E6EB22816B0E0040BD11 /* AppDelegate.m */ = {isa = PBXFileReference; lastKnownFileType = sourcecode.c.objc; path = AppDelegate.m; sourceTree = "<group>"; };
		9263E6ED22816B0E0040BD11 /* ViewController.h */ = {isa = PBXFileReference; lastKnownFileType = sourcecode.c.h; path = ViewController.h; sourceTree = "<group>"; };
		9263E6EE22816B0E0040BD11 /* ViewController.m */ = {isa = PBXFileReference; lastKnownFileType = sourcecode.c.objc; path = ViewController.m; sourceTree = "<group>"; };
		9263E6F122816B0E0040BD11 /* Base */ = {isa = PBXFileReference; lastKnownFileType = file.storyboard; name = Base; path = Base.lproj/Main.storyboard; sourceTree = "<group>"; };
		9263E6F322816B100040BD11 /* Assets.xcassets */ = {isa = PBXFileReference; lastKnownFileType = folder.assetcatalog; path = Assets.xcassets; sourceTree = "<group>"; };
		9263E6F622816B100040BD11 /* Base */ = {isa = PBXFileReference; lastKnownFileType = file.storyboard; name = Base; path = Base.lproj/LaunchScreen.storyboard; sourceTree = "<group>"; };
		9263E6F822816B100040BD11 /* Info.plist */ = {isa = PBXFileReference; lastKnownFileType = text.plist.xml; path = Info.plist; sourceTree = "<group>"; };
		9263E6F922816B100040BD11 /* main.m */ = {isa = PBXFileReference; lastKnownFileType = sourcecode.c.objc; path = main.m; sourceTree = "<group>"; };
		9263E70122816B6A0040BD11 /* CoreMotion.framework */ = {isa = PBXFileReference; lastKnownFileType = wrapper.framework; name = CoreMotion.framework; path = System/Library/Frameworks/CoreMotion.framework; sourceTree = SDKROOT; };
		9263E70322816DCA0040BD11 /* EYHealthDemo.entitlements */ = {isa = PBXFileReference; lastKnownFileType = text.plist.entitlements; path = EYHealthDemo.entitlements; sourceTree = "<group>"; };
		9263E70422816DCA0040BD11 /* HealthKit.framework */ = {isa = PBXFileReference; lastKnownFileType = wrapper.framework; name = HealthKit.framework; path = System/Library/Frameworks/HealthKit.framework; sourceTree = SDKROOT; };
		9263E706228172F10040BD11 /* EYHealthManager.h */ = {isa = PBXFileReference; lastKnownFileType = sourcecode.c.h; path = EYHealthManager.h; sourceTree = "<group>"; };
		9263E707228172F10040BD11 /* EYHealthManager.m */ = {isa = PBXFileReference; lastKnownFileType = sourcecode.c.objc; path = EYHealthManager.m; sourceTree = "<group>"; };
		9263E71B2282CE200040BD11 /* EYPedometerViewController.h */ = {isa = PBXFileReference; lastKnownFileType = sourcecode.c.h; path = EYPedometerViewController.h; sourceTree = "<group>"; };
		9263E71C2282CE200040BD11 /* EYPedometerViewController.m */ = {isa = PBXFileReference; lastKnownFileType = sourcecode.c.objc; path = EYPedometerViewController.m; sourceTree = "<group>"; };
		9263E7202283C35F0040BD11 /* EYHealthKitViewController.h */ = {isa = PBXFileReference; lastKnownFileType = sourcecode.c.h; path = EYHealthKitViewController.h; sourceTree = "<group>"; };
		9263E7212283C35F0040BD11 /* EYHealthKitViewController.m */ = {isa = PBXFileReference; lastKnownFileType = sourcecode.c.objc; path = EYHealthKitViewController.m; sourceTree = "<group>"; };
/* End PBXFileReference section */

/* Begin PBXFrameworksBuildPhase section */
		9263E6E422816B0E0040BD11 /* Frameworks */ = {
			isa = PBXFrameworksBuildPhase;
			buildActionMask = 2147483647;
			files = (
				9263E70222816B6A0040BD11 /* CoreMotion.framework in Frameworks */,
				9263E70522816DCA0040BD11 /* HealthKit.framework in Frameworks */,
			);
			runOnlyForDeploymentPostprocessing = 0;
		};
/* End PBXFrameworksBuildPhase section */

/* Begin PBXGroup section */
		9263E6DE22816B0E0040BD11 = {
			isa = PBXGroup;
			children = (
				9263E6E922816B0E0040BD11 /* EYHealthDemo */,
				9263E6E822816B0E0040BD11 /* Products */,
				9263E70022816B690040BD11 /* Frameworks */,
			);
			sourceTree = "<group>";
		};
		9263E6E822816B0E0040BD11 /* Products */ = {
			isa = PBXGroup;
			children = (
				9263E6E722816B0E0040BD11 /* EYHealthDemo.app */,
			);
			name = Products;
			sourceTree = "<group>";
		};
		9263E6E922816B0E0040BD11 /* EYHealthDemo */ = {
			isa = PBXGroup;
			children = (
				9263E71A2282CC210040BD11 /* HealthManager */,
				9263E70322816DCA0040BD11 /* EYHealthDemo.entitlements */,
				9263E6EA22816B0E0040BD11 /* AppDelegate.h */,
				9263E6EB22816B0E0040BD11 /* AppDelegate.m */,
				9263E6ED22816B0E0040BD11 /* ViewController.h */,
				9263E6EE22816B0E0040BD11 /* ViewController.m */,
				9263E71B2282CE200040BD11 /* EYPedometerViewController.h */,
				9263E71C2282CE200040BD11 /* EYPedometerViewController.m */,
				9263E7202283C35F0040BD11 /* EYHealthKitViewController.h */,
				9263E7212283C35F0040BD11 /* EYHealthKitViewController.m */,
				9263E6F022816B0E0040BD11 /* Main.storyboard */,
				9263E6F322816B100040BD11 /* Assets.xcassets */,
				9263E6F522816B100040BD11 /* LaunchScreen.storyboard */,
				9263E6F822816B100040BD11 /* Info.plist */,
				9263E6F922816B100040BD11 /* main.m */,
			);
			path = EYHealthDemo;
			sourceTree = "<group>";
		};
		9263E70022816B690040BD11 /* Frameworks */ = {
			isa = PBXGroup;
			children = (
				9263E70422816DCA0040BD11 /* HealthKit.framework */,
				9263E70122816B6A0040BD11 /* CoreMotion.framework */,
			);
			name = Frameworks;
			sourceTree = "<group>";
		};
		9263E71A2282CC210040BD11 /* HealthManager */ = {
			isa = PBXGroup;
			children = (
				9263E706228172F10040BD11 /* EYHealthManager.h */,
				9263E707228172F10040BD11 /* EYHealthManager.m */,
			);
			path = HealthManager;
			sourceTree = "<group>";
		};
/* End PBXGroup section */

/* Begin PBXNativeTarget section */
		9263E6E622816B0E0040BD11 /* EYHealthDemo */ = {
			isa = PBXNativeTarget;
			buildConfigurationList = 9263E6FD22816B100040BD11 /* Build configuration list for PBXNativeTarget "EYHealthDemo" */;
			buildPhases = (
				9263E6E322816B0E0040BD11 /* Sources */,
				9263E6E422816B0E0040BD11 /* Frameworks */,
				9263E6E522816B0E0040BD11 /* Resources */,
			);
			buildRules = (
			);
			dependencies = (
			);
			name = EYHealthDemo;
			productName = EYHealthDemo;
			productReference = 9263E6E722816B0E0040BD11 /* EYHealthDemo.app */;
			productType = "com.apple.product-type.application";
		};
/* End PBXNativeTarget section */

/* Begin PBXProject section */
		9263E6DF22816B0E0040BD11 /* Project object */ = {
			isa = PBXProject;
			attributes = {
				LastUpgradeCheck = 1010;
				ORGANIZATIONNAME = yinhuadong;
				TargetAttributes = {
					9263E6E622816B0E0040BD11 = {
						CreatedOnToolsVersion = 10.1;
						SystemCapabilities = {
							com.apple.HealthKit = {
								enabled = 1;
							};
						};
					};
				};
			};
			buildConfigurationList = 9263E6E222816B0E0040BD11 /* Build configuration list for PBXProject "EYHealthDemo" */;
			compatibilityVersion = "Xcode 9.3";
			developmentRegion = en;
			hasScannedForEncodings = 0;
			knownRegions = (
				en,
				Base,
			);
			mainGroup = 9263E6DE22816B0E0040BD11;
			productRefGroup = 9263E6E822816B0E0040BD11 /* Products */;
			projectDirPath = "";
			projectRoot = "";
			targets = (
				9263E6E622816B0E0040BD11 /* EYHealthDemo */,
			);
		};
/* End PBXProject section */

/* Begin PBXResourcesBuildPhase section */
		9263E6E522816B0E0040BD11 /* Resources */ = {
			isa = PBXResourcesBuildPhase;
			buildActionMask = 2147483647;
			files = (
				9263E6F722816B100040BD11 /* LaunchScreen.storyboard in Resources */,
				9263E6F422816B100040BD11 /* Assets.xcassets in Resources */,
				9263E6F222816B0E0040BD11 /* Main.storyboard in Resources */,
			);
			runOnlyForDeploymentPostprocessing = 0;
		};
/* End PBXResourcesBuildPhase section */

/* Begin PBXSourcesBuildPhase section */
		9263E6E322816B0E0040BD11 /* Sources */ = {
			isa = PBXSourcesBuildPhase;
			buildActionMask = 2147483647;
			files = (
				9263E6EF22816B0E0040BD11 /* ViewController.m in Sources */,
				9263E7222283C35F0040BD11 /* EYHealthKitViewController.m in Sources */,
				9263E6FA22816B100040BD11 /* main.m in Sources */,
				9263E71D2282CE200040BD11 /* EYPedometerViewController.m in Sources */,
				9263E6EC22816B0E0040BD11 /* AppDelegate.m in Sources */,
				9263E708228172F10040BD11 /* EYHealthManager.m in Sources */,
			);
			runOnlyForDeploymentPostprocessing = 0;
		};
/* End PBXSourcesBuildPhase section */

/* Begin PBXVariantGroup section */
		9263E6F022816B0E0040BD11 /* Main.storyboard */ = {
			isa = PBXVariantGroup;
			children = (
				9263E6F122816B0E0040BD11 /* Base */,
			);
			name = Main.storyboard;
			sourceTree = "<group>";
		};
		9263E6F522816B100040BD11 /* LaunchScreen.storyboard */ = {
			isa = PBXVariantGroup;
			children = (
				9263E6F622816B100040BD11 /* Base */,
			);
			name = LaunchScreen.storyboard;
			sourceTree = "<group>";
		};
/* End PBXVariantGroup section */

/* Begin XCBuildConfiguration section */
		9263E6FB22816B100040BD11 /* Debug */ = {
			isa = XCBuildConfiguration;
			buildSettings = {
				ALWAYS_SEARCH_USER_PATHS = NO;
				CLANG_ANALYZER_NONNULL = YES;
				CLANG_ANALYZER_NUMBER_OBJECT_CONVERSION = YES_AGGRESSIVE;
				CLANG_CXX_LANGUAGE_STANDARD = "gnu++14";
				CLANG_CXX_LIBRARY = "libc++";
				CLANG_ENABLE_MODULES = YES;
				CLANG_ENABLE_OBJC_ARC = YES;
				CLANG_ENABLE_OBJC_WEAK = YES;
				CLANG_WARN_BLOCK_CAPTURE_AUTORELEASING = YES;
				CLANG_WARN_BOOL_CONVERSION = YES;
				CLANG_WARN_COMMA = YES;
				CLANG_WARN_CONSTANT_CONVERSION = YES;
				CLANG_WARN_DEPRECATED_OBJC_IMPLEMENTATIONS = YES;
				CLANG_WARN_DIRECT_OBJC_ISA_USAGE = YES_ERROR;
				CLANG_WARN_DOCUMENTATION_COMMENTS = YES;
				CLANG_WARN_EMPTY_BODY = YES;
				CLANG_WARN_ENUM_CONVERSION = YES;
				CLANG_WARN_INFINITE_RECURSION = YES;
				CLANG_WARN_INT_CONVERSION = YES;
				CLANG_WARN_NON_LITERAL_NULL_CONVERSION = YES;
				CLANG_WARN_OBJC_IMPLICIT_RETAIN_SELF = YES;
				CLANG_WARN_OBJC_LITERAL_CONVERSION = YES;
				CLANG_WARN_OBJC_ROOT_CLASS = YES_ERROR;
				CLANG_WARN_RANGE_LOOP_ANALYSIS = YES;
				CLANG_WARN_STRICT_PROTOTYPES = YES;
				CLANG_WARN_SUSPICIOUS_MOVE = YES;
				CLANG_WARN_UNGUARDED_AVAILABILITY = YES_AGGRESSIVE;
				CLANG_WARN_UNREACHABLE_CODE = YES;
				CLANG_WARN__DUPLICATE_METHOD_MATCH = YES;
				CODE_SIGN_IDENTITY = "iPhone Developer";
				COPY_PHASE_STRIP = NO;
				DEBUG_INFORMATION_FORMAT = dwarf;
				ENABLE_STRICT_OBJC_MSGSEND = YES;
				ENABLE_TESTABILITY = YES;
				GCC_C_LANGUAGE_STANDARD = gnu11;
				GCC_DYNAMIC_NO_PIC = NO;
				GCC_NO_COMMON_BLOCKS = YES;
				GCC_OPTIMIZATION_LEVEL = 0;
				GCC_PREPROCESSOR_DEFINITIONS = (
					"DEBUG=1",
					"$(inherited)",
				);
				GCC_WARN_64_TO_32_BIT_CONVERSION = YES;
				GCC_WARN_ABOUT_RETURN_TYPE = YES_ERROR;
				GCC_WARN_UNDECLARED_SELECTOR = YES;
				GCC_WARN_UNINITIALIZED_AUTOS = YES_AGGRESSIVE;
				GCC_WARN_UNUSED_FUNCTION = YES;
				GCC_WARN_UNUSED_VARIABLE = YES;
				IPHONEOS_DEPLOYMENT_TARGET = 12.1;
				MTL_ENABLE_DEBUG_INFO = INCLUDE_SOURCE;
				MTL_FAST_MATH = YES;
				ONLY_ACTIVE_ARCH = YES;
				SDKROOT = iphoneos;
			};
			name = Debug;
		};
		9263E6FC22816B100040BD11 /* Release */ = {
			isa = XCBuildConfiguration;
			buildSettings = {
				ALWAYS_SEARCH_USER_PATHS = NO;
				CLANG_ANALYZER_NONNULL = YES;
				CLANG_ANALYZER_NUMBER_OBJECT_CONVERSION = YES_AGGRESSIVE;
				CLANG_CXX_LANGUAGE_STANDARD = "gnu++14";
				CLANG_CXX_LIBRARY = "libc++";
				CLANG_ENABLE_MODULES = YES;
				CLANG_ENABLE_OBJC_ARC = YES;
				CLANG_ENABLE_OBJC_WEAK = YES;
				CLANG_WARN_BLOCK_CAPTURE_AUTORELEASING = YES;
				CLANG_WARN_BOOL_CONVERSION = YES;
				CLANG_WARN_COMMA = YES;
				CLANG_WARN_CONSTANT_CONVERSION = YES;
				CLANG_WARN_DEPRECATED_OBJC_IMPLEMENTATIONS = YES;
				CLANG_WARN_DIRECT_OBJC_ISA_USAGE = YES_ERROR;
				CLANG_WARN_DOCUMENTATION_COMMENTS = YES;
				CLANG_WARN_EMPTY_BODY = YES;
				CLANG_WARN_ENUM_CONVERSION = YES;
				CLANG_WARN_INFINITE_RECURSION = YES;
				CLANG_WARN_INT_CONVERSION = YES;
				CLANG_WARN_NON_LITERAL_NULL_CONVERSION = YES;
				CLANG_WARN_OBJC_IMPLICIT_RETAIN_SELF = YES;
				CLANG_WARN_OBJC_LITERAL_CONVERSION = YES;
				CLANG_WARN_OBJC_ROOT_CLASS = YES_ERROR;
				CLANG_WARN_RANGE_LOOP_ANALYSIS = YES;
				CLANG_WARN_STRICT_PROTOTYPES = YES;
				CLANG_WARN_SUSPICIOUS_MOVE = YES;
				CLANG_WARN_UNGUARDED_AVAILABILITY = YES_AGGRESSIVE;
				CLANG_WARN_UNREACHABLE_CODE = YES;
				CLANG_WARN__DUPLICATE_METHOD_MATCH = YES;
				CODE_SIGN_IDENTITY = "iPhone Developer";
				COPY_PHASE_STRIP = NO;
				DEBUG_INFORMATION_FORMAT = "dwarf-with-dsym";
				ENABLE_NS_ASSERTIONS = NO;
				ENABLE_STRICT_OBJC_MSGSEND = YES;
				GCC_C_LANGUAGE_STANDARD = gnu11;
				GCC_NO_COMMON_BLOCKS = YES;
				GCC_WARN_64_TO_32_BIT_CONVERSION = YES;
				GCC_WARN_ABOUT_RETURN_TYPE = YES_ERROR;
				GCC_WARN_UNDECLARED_SELECTOR = YES;
				GCC_WARN_UNINITIALIZED_AUTOS = YES_AGGRESSIVE;
				GCC_WARN_UNUSED_FUNCTION = YES;
				GCC_WARN_UNUSED_VARIABLE = YES;
				IPHONEOS_DEPLOYMENT_TARGET = 12.1;
				MTL_ENABLE_DEBUG_INFO = NO;
				MTL_FAST_MATH = YES;
				SDKROOT = iphoneos;
				VALIDATE_PRODUCT = YES;
			};
			name = Release;
		};
		9263E6FE22816B100040BD11 /* Debug */ = {
			isa = XCBuildConfiguration;
			buildSettings = {
				ASSETCATALOG_COMPILER_APPICON_NAME = AppIcon;
				CODE_SIGN_ENTITLEMENTS = EYHealthDemo/EYHealthDemo.entitlements;
				CODE_SIGN_STYLE = Automatic;
				DEVELOPMENT_TEAM = CTM8P49F3V;
				INFOPLIST_FILE = EYHealthDemo/Info.plist;
				IPHONEOS_DEPLOYMENT_TARGET = 12.0;
				LD_RUNPATH_SEARCH_PATHS = (
					"$(inherited)",
					"@executable_path/Frameworks",
				);
				PRODUCT_BUNDLE_IDENTIFIER = com.jd.EYHealthDemo;
				PRODUCT_NAME = "$(TARGET_NAME)";
				TARGETED_DEVICE_FAMILY = "1,2";
			};
			name = Debug;
		};
		9263E6FF22816B100040BD11 /* Release */ = {
			isa = XCBuildConfiguration;
			buildSettings = {
				ASSETCATALOG_COMPILER_APPICON_NAME = AppIcon;
				CODE_SIGN_ENTITLEMENTS = EYHealthDemo/EYHealthDemo.entitlements;
				CODE_SIGN_STYLE = Automatic;
				DEVELOPMENT_TEAM = CTM8P49F3V;
				INFOPLIST_FILE = EYHealthDemo/Info.plist;
				IPHONEOS_DEPLOYMENT_TARGET = 12.0;
				LD_RUNPATH_SEARCH_PATHS = (
					"$(inherited)",
					"@executable_path/Frameworks",
				);
				PRODUCT_BUNDLE_IDENTIFIER = com.jd.EYHealthDemo;
				PRODUCT_NAME = "$(TARGET_NAME)";
				TARGETED_DEVICE_FAMILY = "1,2";
			};
			name = Release;
		};
/* End XCBuildConfiguration section */

/* Begin XCConfigurationList section */
		9263E6E222816B0E0040BD11 /* Build configuration list for PBXProject "EYHealthDemo" */ = {
			isa = XCConfigurationList;
			buildConfigurations = (
				9263E6FB22816B100040BD11 /* Debug */,
				9263E6FC22816B100040BD11 /* Release */,
			);
			defaultConfigurationIsVisible = 0;
			defaultConfigurationName = Release;
		};
		9263E6FD22816B100040BD11 /* Build configuration list for PBXNativeTarget "EYHealthDemo" */ = {
			isa = XCConfigurationList;
			buildConfigurations = (
				9263E6FE22816B100040BD11 /* Debug */,
				9263E6FF22816B100040BD11 /* Release */,
			);
			defaultConfigurationIsVisible = 0;
			defaultConfigurationName = Release;
		};
/* End XCConfigurationList section */
	};
	rootObject = 9263E6DF22816B0E0040BD11 /* Project object */;
}
