// !$*UTF8*$!
{
	archiveVersion = 1;
	classes = {
	};
	objectVersion = 50;
	objects = {

/* Begin PBXBuildFile section */
		922D8470248737BE00286AA9 /* AppDelegate.m in Sources */ = {isa = PBXBuildFile; fileRef = 922D846F248737BE00286AA9 /* AppDelegate.m */; };
		922D8473248737BE00286AA9 /* SceneDelegate.m in Sources */ = {isa = PBXBuildFile; fileRef = 922D8472248737BE00286AA9 /* SceneDelegate.m */; };
		922D8476248737BE00286AA9 /* ViewController.m in Sources */ = {isa = PBXBuildFile; fileRef = 922D8475248737BE00286AA9 /* ViewController.m */; };
		922D8479248737BE00286AA9 /* Main.storyboard in Resources */ = {isa = PBXBuildFile; fileRef = 922D8477248737BE00286AA9 /* Main.storyboard */; };
		922D847B248737C000286AA9 /* Assets.xcassets in Resources */ = {isa = PBXBuildFile; fileRef = 922D847A248737C000286AA9 /* Assets.xcassets */; };
		922D847E248737C000286AA9 /* LaunchScreen.storyboard in Resources */ = {isa = PBXBuildFile; fileRef = 922D847C248737C000286AA9 /* LaunchScreen.storyboard */; };
		922D8481248737C000286AA9 /* main.m in Sources */ = {isa = PBXBuildFile; fileRef = 922D8480248737C000286AA9 /* main.m */; };
		922D8489248737E700286AA9 /* NSObject+Safe.m in Sources */ = {isa = PBXBuildFile; fileRef = 922D8488248737E700286AA9 /* NSObject+Safe.m */; };
/* End PBXBuildFile section */

/* Begin PBXFileReference section */
		922D846B248737BE00286AA9 /* SafeObjectDemo.app */ = {isa = PBXFileReference; explicitFileType = wrapper.application; includeInIndex = 0; path = SafeObjectDemo.app; sourceTree = BUILT_PRODUCTS_DIR; };
		922D846E248737BE00286AA9 /* AppDelegate.h */ = {isa = PBXFileReference; lastKnownFileType = sourcecode.c.h; path = AppDelegate.h; sourceTree = "<group>"; };
		922D846F248737BE00286AA9 /* AppDelegate.m */ = {isa = PBXFileReference; lastKnownFileType = sourcecode.c.objc; path = AppDelegate.m; sourceTree = "<group>"; };
		922D8471248737BE00286AA9 /* SceneDelegate.h */ = {isa = PBXFileReference; lastKnownFileType = sourcecode.c.h; path = SceneDelegate.h; sourceTree = "<group>"; };
		922D8472248737BE00286AA9 /* SceneDelegate.m */ = {isa = PBXFileReference; lastKnownFileType = sourcecode.c.objc; path = SceneDelegate.m; sourceTree = "<group>"; };
		922D8474248737BE00286AA9 /* ViewController.h */ = {isa = PBXFileReference; lastKnownFileType = sourcecode.c.h; path = ViewController.h; sourceTree = "<group>"; };
		922D8475248737BE00286AA9 /* ViewController.m */ = {isa = PBXFileReference; lastKnownFileType = sourcecode.c.objc; path = ViewController.m; sourceTree = "<group>"; };
		922D8478248737BE00286AA9 /* Base */ = {isa = PBXFileReference; lastKnownFileType = file.storyboard; name = Base; path = Base.lproj/Main.storyboard; sourceTree = "<group>"; };
		922D847A248737C000286AA9 /* Assets.xcassets */ = {isa = PBXFileReference; lastKnownFileType = folder.assetcatalog; path = Assets.xcassets; sourceTree = "<group>"; };
		922D847D248737C000286AA9 /* Base */ = {isa = PBXFileReference; lastKnownFileType = file.storyboard; name = Base; path = Base.lproj/LaunchScreen.storyboard; sourceTree = "<group>"; };
		922D847F248737C000286AA9 /* Info.plist */ = {isa = PBXFileReference; lastKnownFileType = text.plist.xml; path = Info.plist; sourceTree = "<group>"; };
		922D8480248737C000286AA9 /* main.m */ = {isa = PBXFileReference; lastKnownFileType = sourcecode.c.objc; path = main.m; sourceTree = "<group>"; };
		922D8487248737E700286AA9 /* NSObject+Safe.h */ = {isa = PBXFileReference; lastKnownFileType = sourcecode.c.h; path = "NSObject+Safe.h"; sourceTree = "<group>"; };
		922D8488248737E700286AA9 /* NSObject+Safe.m */ = {isa = PBXFileReference; lastKnownFileType = sourcecode.c.objc; path = "NSObject+Safe.m"; sourceTree = "<group>"; };
/* End PBXFileReference section */

/* Begin PBXFrameworksBuildPhase section */
		922D8468248737BE00286AA9 /* Frameworks */ = {
			isa = PBXFrameworksBuildPhase;
			buildActionMask = 2147483647;
			files = (
			);
			runOnlyForDeploymentPostprocessing = 0;
		};
/* End PBXFrameworksBuildPhase section */

/* Begin PBXGroup section */
		922D8462248737BE00286AA9 = {
			isa = PBXGroup;
			children = (
				922D846D248737BE00286AA9 /* SafeObjectDemo */,
				922D846C248737BE00286AA9 /* Products */,
			);
			sourceTree = "<group>";
		};
		922D846C248737BE00286AA9 /* Products */ = {
			isa = PBXGroup;
			children = (
				922D846B248737BE00286AA9 /* SafeObjectDemo.app */,
			);
			name = Products;
			sourceTree = "<group>";
		};
		922D846D248737BE00286AA9 /* SafeObjectDemo */ = {
			isa = PBXGroup;
			children = (
				922D846E248737BE00286AA9 /* AppDelegate.h */,
				922D846F248737BE00286AA9 /* AppDelegate.m */,
				922D8471248737BE00286AA9 /* SceneDelegate.h */,
				922D8472248737BE00286AA9 /* SceneDelegate.m */,
				922D8474248737BE00286AA9 /* ViewController.h */,
				922D8475248737BE00286AA9 /* ViewController.m */,
				922D8487248737E700286AA9 /* NSObject+Safe.h */,
				922D8488248737E700286AA9 /* NSObject+Safe.m */,
				922D8477248737BE00286AA9 /* Main.storyboard */,
				922D847A248737C000286AA9 /* Assets.xcassets */,
				922D847C248737C000286AA9 /* LaunchScreen.storyboard */,
				922D847F248737C000286AA9 /* Info.plist */,
				922D8480248737C000286AA9 /* main.m */,
			);
			path = SafeObjectDemo;
			sourceTree = "<group>";
		};
/* End PBXGroup section */

/* Begin PBXNativeTarget section */
		922D846A248737BE00286AA9 /* SafeObjectDemo */ = {
			isa = PBXNativeTarget;
			buildConfigurationList = 922D8484248737C000286AA9 /* Build configuration list for PBXNativeTarget "SafeObjectDemo" */;
			buildPhases = (
				922D8467248737BE00286AA9 /* Sources */,
				922D8468248737BE00286AA9 /* Frameworks */,
				922D8469248737BE00286AA9 /* Resources */,
			);
			buildRules = (
			);
			dependencies = (
			);
			name = SafeObjectDemo;
			productName = SafeObjectDemo;
			productReference = 922D846B248737BE00286AA9 /* SafeObjectDemo.app */;
			productType = "com.apple.product-type.application";
		};
/* End PBXNativeTarget section */

/* Begin PBXProject section */
		922D8463248737BE00286AA9 /* Project object */ = {
			isa = PBXProject;
			attributes = {
				LastUpgradeCheck = 1130;
				ORGANIZATIONNAME = EasonY;
				TargetAttributes = {
					922D846A248737BE00286AA9 = {
						CreatedOnToolsVersion = 11.3.1;
					};
				};
			};
			buildConfigurationList = 922D8466248737BE00286AA9 /* Build configuration list for PBXProject "SafeObjectDemo" */;
			compatibilityVersion = "Xcode 9.3";
			developmentRegion = en;
			hasScannedForEncodings = 0;
			knownRegions = (
				en,
				Base,
			);
			mainGroup = 922D8462248737BE00286AA9;
			productRefGroup = 922D846C248737BE00286AA9 /* Products */;
			projectDirPath = "";
			projectRoot = "";
			targets = (
				922D846A248737BE00286AA9 /* SafeObjectDemo */,
			);
		};
/* End PBXProject section */

/* Begin PBXResourcesBuildPhase section */
		922D8469248737BE00286AA9 /* Resources */ = {
			isa = PBXResourcesBuildPhase;
			buildActionMask = 2147483647;
			files = (
				922D847E248737C000286AA9 /* LaunchScreen.storyboard in Resources */,
				922D847B248737C000286AA9 /* Assets.xcassets in Resources */,
				922D8479248737BE00286AA9 /* Main.storyboard in Resources */,
			);
			runOnlyForDeploymentPostprocessing = 0;
		};
/* End PBXResourcesBuildPhase section */

/* Begin PBXSourcesBuildPhase section */
		922D8467248737BE00286AA9 /* Sources */ = {
			isa = PBXSourcesBuildPhase;
			buildActionMask = 2147483647;
			files = (
				922D8489248737E700286AA9 /* NSObject+Safe.m in Sources */,
				922D8476248737BE00286AA9 /* ViewController.m in Sources */,
				922D8470248737BE00286AA9 /* AppDelegate.m in Sources */,
				922D8481248737C000286AA9 /* main.m in Sources */,
				922D8473248737BE00286AA9 /* SceneDelegate.m in Sources */,
			);
			runOnlyForDeploymentPostprocessing = 0;
		};
/* End PBXSourcesBuildPhase section */

/* Begin PBXVariantGroup section */
		922D8477248737BE00286AA9 /* Main.storyboard */ = {
			isa = PBXVariantGroup;
			children = (
				922D8478248737BE00286AA9 /* Base */,
			);
			name = Main.storyboard;
			sourceTree = "<group>";
		};
		922D847C248737C000286AA9 /* LaunchScreen.storyboard */ = {
			isa = PBXVariantGroup;
			children = (
				922D847D248737C000286AA9 /* Base */,
			);
			name = LaunchScreen.storyboard;
			sourceTree = "<group>";
		};
/* End PBXVariantGroup section */

/* Begin XCBuildConfiguration section */
		922D8482248737C000286AA9 /* Debug */ = {
			isa = XCBuildConfiguration;
			buildSettings = {
				ALWAYS_SEARCH_USER_PATHS = NO;
				CLANG_ANALYZER_NONNULL = YES;
				CLANG_ANALYZER_NUMBER_OBJECT_CONVERSION = YES_AGGRESSIVE;
				CLANG_CXX_LANGUAGE_STANDARD = "gnu++14";
				CLANG_CXX_LIBRARY = "libc++";
				CLANG_ENABLE_MODULES = YES;
				CLANG_ENABLE_OBJC_ARC = YES;
				CLANG_ENABLE_OBJC_WEAK = YES;
				CLANG_WARN_BLOCK_CAPTURE_AUTORELEASING = YES;
				CLANG_WARN_BOOL_CONVERSION = YES;
				CLANG_WARN_COMMA = YES;
				CLANG_WARN_CONSTANT_CONVERSION = YES;
				CLANG_WARN_DEPRECATED_OBJC_IMPLEMENTATIONS = YES;
				CLANG_WARN_DIRECT_OBJC_ISA_USAGE = YES_ERROR;
				CLANG_WARN_DOCUMENTATION_COMMENTS = YES;
				CLANG_WARN_EMPTY_BODY = YES;
				CLANG_WARN_ENUM_CONVERSION = YES;
				CLANG_WARN_INFINITE_RECURSION = YES;
				CLANG_WARN_INT_CONVERSION = YES;
				CLANG_WARN_NON_LITERAL_NULL_CONVERSION = YES;
				CLANG_WARN_OBJC_IMPLICIT_RETAIN_SELF = YES;
				CLANG_WARN_OBJC_LITERAL_CONVERSION = YES;
				CLANG_WARN_OBJC_ROOT_CLASS = YES_ERROR;
				CLANG_WARN_RANGE_LOOP_ANALYSIS = YES;
				CLANG_WARN_STRICT_PROTOTYPES = YES;
				CLANG_WARN_SUSPICIOUS_MOVE = YES;
				CLANG_WARN_UNGUARDED_AVAILABILITY = YES_AGGRESSIVE;
				CLANG_WARN_UNREACHABLE_CODE = YES;
				CLANG_WARN__DUPLICATE_METHOD_MATCH = YES;
				COPY_PHASE_STRIP = NO;
				DEBUG_INFORMATION_FORMAT = dwarf;
				ENABLE_STRICT_OBJC_MSGSEND = YES;
				ENABLE_TESTABILITY = YES;
				GCC_C_LANGUAGE_STANDARD = gnu11;
				GCC_DYNAMIC_NO_PIC = NO;
				GCC_NO_COMMON_BLOCKS = YES;
				GCC_OPTIMIZATION_LEVEL = 0;
				GCC_PREPROCESSOR_DEFINITIONS = (
					"DEBUG=1",
					"$(inherited)",
				);
				GCC_WARN_64_TO_32_BIT_CONVERSION = YES;
				GCC_WARN_ABOUT_RETURN_TYPE = YES_ERROR;
				GCC_WARN_UNDECLARED_SELECTOR = YES;
				GCC_WARN_UNINITIALIZED_AUTOS = YES_AGGRESSIVE;
				GCC_WARN_UNUSED_FUNCTION = YES;
				GCC_WARN_UNUSED_VARIABLE = YES;
				IPHONEOS_DEPLOYMENT_TARGET = 13.2;
				MTL_ENABLE_DEBUG_INFO = INCLUDE_SOURCE;
				MTL_FAST_MATH = YES;
				ONLY_ACTIVE_ARCH = YES;
				SDKROOT = iphoneos;
			};
			name = Debug;
		};
		922D8483248737C000286AA9 /* Release */ = {
			isa = XCBuildConfiguration;
			buildSettings = {
				ALWAYS_SEARCH_USER_PATHS = NO;
				CLANG_ANALYZER_NONNULL = YES;
				CLANG_ANALYZER_NUMBER_OBJECT_CONVERSION = YES_AGGRESSIVE;
				CLANG_CXX_LANGUAGE_STANDARD = "gnu++14";
				CLANG_CXX_LIBRARY = "libc++";
				CLANG_ENABLE_MODULES = YES;
				CLANG_ENABLE_OBJC_ARC = YES;
				CLANG_ENABLE_OBJC_WEAK = YES;
				CLANG_WARN_BLOCK_CAPTURE_AUTORELEASING = YES;
				CLANG_WARN_BOOL_CONVERSION = YES;
				CLANG_WARN_COMMA = YES;
				CLANG_WARN_CONSTANT_CONVERSION = YES;
				CLANG_WARN_DEPRECATED_OBJC_IMPLEMENTATIONS = YES;
				CLANG_WARN_DIRECT_OBJC_ISA_USAGE = YES_ERROR;
				CLANG_WARN_DOCUMENTATION_COMMENTS = YES;
				CLANG_WARN_EMPTY_BODY = YES;
				CLANG_WARN_ENUM_CONVERSION = YES;
				CLANG_WARN_INFINITE_RECURSION = YES;
				CLANG_WARN_INT_CONVERSION = YES;
				CLANG_WARN_NON_LITERAL_NULL_CONVERSION = YES;
				CLANG_WARN_OBJC_IMPLICIT_RETAIN_SELF = YES;
				CLANG_WARN_OBJC_LITERAL_CONVERSION = YES;
				CLANG_WARN_OBJC_ROOT_CLASS = YES_ERROR;
				CLANG_WARN_RANGE_LOOP_ANALYSIS = YES;
				CLANG_WARN_STRICT_PROTOTYPES = YES;
				CLANG_WARN_SUSPICIOUS_MOVE = YES;
				CLANG_WARN_UNGUARDED_AVAILABILITY = YES_AGGRESSIVE;
				CLANG_WARN_UNREACHABLE_CODE = YES;
				CLANG_WARN__DUPLICATE_METHOD_MATCH = YES;
				COPY_PHASE_STRIP = NO;
				DEBUG_INFORMATION_FORMAT = "dwarf-with-dsym";
				ENABLE_NS_ASSERTIONS = NO;
				ENABLE_STRICT_OBJC_MSGSEND = YES;
				GCC_C_LANGUAGE_STANDARD = gnu11;
				GCC_NO_COMMON_BLOCKS = YES;
				GCC_WARN_64_TO_32_BIT_CONVERSION = YES;
				GCC_WARN_ABOUT_RETURN_TYPE = YES_ERROR;
				GCC_WARN_UNDECLARED_SELECTOR = YES;
				GCC_WARN_UNINITIALIZED_AUTOS = YES_AGGRESSIVE;
				GCC_WARN_UNUSED_FUNCTION = YES;
				GCC_WARN_UNUSED_VARIABLE = YES;
				IPHONEOS_DEPLOYMENT_TARGET = 13.2;
				MTL_ENABLE_DEBUG_INFO = NO;
				MTL_FAST_MATH = YES;
				SDKROOT = iphoneos;
				VALIDATE_PRODUCT = YES;
			};
			name = Release;
		};
		922D8485248737C000286AA9 /* Debug */ = {
			isa = XCBuildConfiguration;
			buildSettings = {
				ASSETCATALOG_COMPILER_APPICON_NAME = AppIcon;
				CODE_SIGN_STYLE = Automatic;
				INFOPLIST_FILE = SafeObjectDemo/Info.plist;
				LD_RUNPATH_SEARCH_PATHS = (
					"$(inherited)",
					"@executable_path/Frameworks",
				);
				PRODUCT_BUNDLE_IDENTIFIER = com.jd.SafeObjectDemo;
				PRODUCT_NAME = "$(TARGET_NAME)";
				TARGETED_DEVICE_FAMILY = "1,2";
			};
			name = Debug;
		};
		922D8486248737C000286AA9 /* Release */ = {
			isa = XCBuildConfiguration;
			buildSettings = {
				ASSETCATALOG_COMPILER_APPICON_NAME = AppIcon;
				CODE_SIGN_STYLE = Automatic;
				INFOPLIST_FILE = SafeObjectDemo/Info.plist;
				LD_RUNPATH_SEARCH_PATHS = (
					"$(inherited)",
					"@executable_path/Frameworks",
				);
				PRODUCT_BUNDLE_IDENTIFIER = com.jd.SafeObjectDemo;
				PRODUCT_NAME = "$(TARGET_NAME)";
				TARGETED_DEVICE_FAMILY = "1,2";
			};
			name = Release;
		};
/* End XCBuildConfiguration section */

/* Begin XCConfigurationList section */
		922D8466248737BE00286AA9 /* Build configuration list for PBXProject "SafeObjectDemo" */ = {
			isa = XCConfigurationList;
			buildConfigurations = (
				922D8482248737C000286AA9 /* Debug */,
				922D8483248737C000286AA9 /* Release */,
			);
			defaultConfigurationIsVisible = 0;
			defaultConfigurationName = Release;
		};
		922D8484248737C000286AA9 /* Build configuration list for PBXNativeTarget "SafeObjectDemo" */ = {
			isa = XCConfigurationList;
			buildConfigurations = (
				922D8485248737C000286AA9 /* Debug */,
				922D8486248737C000286AA9 /* Release */,
			);
			defaultConfigurationIsVisible = 0;
			defaultConfigurationName = Release;
		};
/* End XCConfigurationList section */
	};
	rootObject = 922D8463248737BE00286AA9 /* Project object */;
}
